
Microsoft Visual Studio Solution File, Format Version 12.00
# Visual Studio 2012
Project("{FAE04EC0-301F-11D3-BF4B-00C04F79EFBC}") = "UsageWebService", "UsageWebService.csproj", "{F9ED09E1-F194-4EE6-8EE1-0622FEE07EB2}"
	ProjectSection(ProjectDependencies) = postProject
		{98086321-A541-4063-872B-62FA3A691B24} = {98086321-A541-4063-872B-62FA3A691B24}
		{942F6C2E-682C-4D9B-9D6B-0B2062A43C70} = {942F6C2E-682C-4D9B-9D6B-0B2062A43C70}
		{2B0CEAF2-6CE6-4909-A797-A24EFD55C130} = {2B0CEAF2-6CE6-4909-A797-A24EFD55C130}
	EndProjectSection
EndProject
Project("{FAE04EC0-301F-11D3-BF4B-00C04F79EFBC}") = "UsageEventAggregator", "..\..\Business\MarketManagement\UsageEventAggregator\UsageEventAggregator.csproj", "{B32F0A17-23EF-409D-BD13-C282E0714D91}"
EndProject
Project("{FAE04EC0-301F-11D3-BF4B-00C04F79EFBC}") = "UsageManagement", "..\..\Business\MarketManagement\UsageManagement\UsageManagement.csproj", "{942F6C2E-682C-4D9B-9D6B-0B2062A43C70}"
EndProject
Project("{FAE04EC0-301F-11D3-BF4B-00C04F79EFBC}") = "UtilityManagement", "..\..\Business\MarketManagement\UtilityManagement\UtilityManagement.csproj", "{98086321-A541-4063-872B-62FA3A691B24}"
EndProject
Project("{FAE04EC0-301F-11D3-BF4B-00C04F79EFBC}") = "TransactionsSql", "..\..\DataAccess\SqlAccess\TransactionsSql\TransactionsSql.csproj", "{2B0CEAF2-6CE6-4909-A797-A24EFD55C130}"
EndProject
Project("{FAE04EC0-301F-11D3-BF4B-00C04F79EFBC}") = "MarketParsing", "..\..\Business\MarketManagement\MarketParsing\MarketParsing.csproj", "{89380D4D-DDFB-4F0F-8F4C-5D42D9DA579D}"
EndProject
Global
	GlobalSection(TeamFoundationVersionControl) = preSolution
		SccNumberOfProjects = 7
		SccEnterpriseProvider = {4CA58AB2-18FA-4F8D-95D4-32DDF27D184C}
		SccTeamFoundationServer = http://lpcnocapptfs1:8080/tfs/lpcollection
		SccLocalPath0 = .
		SccProjectUniqueName1 = UsageWebService.csproj
		SccLocalPath1 = .
		SccProjectUniqueName2 = ..\\..\\DataAccess\\SqlAccess\\TransactionsSql\\TransactionsSql.csproj
		SccProjectName2 = ../../DataAccess/SqlAccess/TransactionsSql
		SccLocalPath2 = ..\\..\\DataAccess\\SqlAccess\\TransactionsSql
		SccProjectUniqueName3 = ..\\..\\Business\\MarketManagement\\UtilityManagement\\UtilityManagement.csproj
		SccProjectName3 = ../../Business/MarketManagement/UtilityManagement
		SccLocalPath3 = ..\\..\\Business\\MarketManagement\\UtilityManagement
		SccProjectUniqueName4 = ..\\..\\Business\\MarketManagement\\UsageManagement\\UsageManagement.csproj
		SccProjectName4 = ../../Business/MarketManagement/UsageManagement
		SccLocalPath4 = ..\\..\\Business\\MarketManagement\\UsageManagement
		SccProjectUniqueName5 = ..\\..\\Business\\MarketManagement\\UsageEventAggregator\\UsageEventAggregator.csproj
		SccProjectName5 = ../../Business/MarketManagement/UsageEventAggregator
		SccLocalPath5 = ..\\..\\Business\\MarketManagement\\UsageEventAggregator
		SccProjectUniqueName6 = ..\\..\\Business\\MarketManagement\\MarketParsing\\MarketParsing.csproj
		SccProjectName6 = ../../Business/MarketManagement/MarketParsing
		SccLocalPath6 = ..\\..\\Business\\MarketManagement\\MarketParsing
	EndGlobalSection
	GlobalSection(SolutionConfigurationPlatforms) = preSolution
		Debug|Any CPU = Debug|Any CPU
		Debug|x64 = Debug|x64
		Debug|x86 = Debug|x86
		ECM_MailMonitor|Any CPU = ECM_MailMonitor|Any CPU
		ECM_MailMonitor|x64 = ECM_MailMonitor|x64
		ECM_MailMonitor|x86 = ECM_MailMonitor|x86
		Jaime_Rebel|Any CPU = Jaime_Rebel|Any CPU
		Jaime_Rebel|x64 = Jaime_Rebel|x64
		Jaime_Rebel|x86 = Jaime_Rebel|x86
		ProductionRelease|Any CPU = ProductionRelease|Any CPU
		ProductionRelease|x64 = ProductionRelease|x64
		ProductionRelease|x86 = ProductionRelease|x86
		Release|Any CPU = Release|Any CPU
		Release|x64 = Release|x64
		Release|x86 = Release|x86
	EndGlobalSection
	GlobalSection(ProjectConfigurationPlatforms) = postSolution
		{F9ED09E1-F194-4EE6-8EE1-0622FEE07EB2}.Debug|Any CPU.ActiveCfg = Debug|Any CPU
		{F9ED09E1-F194-4EE6-8EE1-0622FEE07EB2}.Debug|Any CPU.Build.0 = Debug|Any CPU
		{F9ED09E1-F194-4EE6-8EE1-0622FEE07EB2}.Debug|x64.ActiveCfg = Debug|Any CPU
		{F9ED09E1-F194-4EE6-8EE1-0622FEE07EB2}.Debug|x86.ActiveCfg = Debug|Any CPU
		{F9ED09E1-F194-4EE6-8EE1-0622FEE07EB2}.ECM_MailMonitor|Any CPU.ActiveCfg = Release|Any CPU
		{F9ED09E1-F194-4EE6-8EE1-0622FEE07EB2}.ECM_MailMonitor|Any CPU.Build.0 = Release|Any CPU
		{F9ED09E1-F194-4EE6-8EE1-0622FEE07EB2}.ECM_MailMonitor|x64.ActiveCfg = Release|Any CPU
		{F9ED09E1-F194-4EE6-8EE1-0622FEE07EB2}.ECM_MailMonitor|x86.ActiveCfg = Release|Any CPU
		{F9ED09E1-F194-4EE6-8EE1-0622FEE07EB2}.Jaime_Rebel|Any CPU.ActiveCfg = Release|Any CPU
		{F9ED09E1-F194-4EE6-8EE1-0622FEE07EB2}.Jaime_Rebel|Any CPU.Build.0 = Release|Any CPU
		{F9ED09E1-F194-4EE6-8EE1-0622FEE07EB2}.Jaime_Rebel|x64.ActiveCfg = Release|Any CPU
		{F9ED09E1-F194-4EE6-8EE1-0622FEE07EB2}.Jaime_Rebel|x86.ActiveCfg = Release|Any CPU
		{F9ED09E1-F194-4EE6-8EE1-0622FEE07EB2}.ProductionRelease|Any CPU.ActiveCfg = Release|Any CPU
		{F9ED09E1-F194-4EE6-8EE1-0622FEE07EB2}.ProductionRelease|Any CPU.Build.0 = Release|Any CPU
		{F9ED09E1-F194-4EE6-8EE1-0622FEE07EB2}.ProductionRelease|x64.ActiveCfg = Release|Any CPU
		{F9ED09E1-F194-4EE6-8EE1-0622FEE07EB2}.ProductionRelease|x86.ActiveCfg = Release|Any CPU
		{F9ED09E1-F194-4EE6-8EE1-0622FEE07EB2}.Release|Any CPU.ActiveCfg = Release|Any CPU
		{F9ED09E1-F194-4EE6-8EE1-0622FEE07EB2}.Release|Any CPU.Build.0 = Release|Any CPU
		{F9ED09E1-F194-4EE6-8EE1-0622FEE07EB2}.Release|x64.ActiveCfg = Release|Any CPU
		{F9ED09E1-F194-4EE6-8EE1-0622FEE07EB2}.Release|x86.ActiveCfg = Release|Any CPU
		{B32F0A17-23EF-409D-BD13-C282E0714D91}.Debug|Any CPU.ActiveCfg = Debug|Any CPU
		{B32F0A17-23EF-409D-BD13-C282E0714D91}.Debug|Any CPU.Build.0 = Debug|Any CPU
		{B32F0A17-23EF-409D-BD13-C282E0714D91}.Debug|x64.ActiveCfg = Debug|Any CPU
		{B32F0A17-23EF-409D-BD13-C282E0714D91}.Debug|x86.ActiveCfg = Debug|Any CPU
		{B32F0A17-23EF-409D-BD13-C282E0714D91}.ECM_MailMonitor|Any CPU.ActiveCfg = Release|Any CPU
		{B32F0A17-23EF-409D-BD13-C282E0714D91}.ECM_MailMonitor|Any CPU.Build.0 = Release|Any CPU
		{B32F0A17-23EF-409D-BD13-C282E0714D91}.ECM_MailMonitor|x64.ActiveCfg = Release|Any CPU
		{B32F0A17-23EF-409D-BD13-C282E0714D91}.ECM_MailMonitor|x86.ActiveCfg = Release|Any CPU
		{B32F0A17-23EF-409D-BD13-C282E0714D91}.Jaime_Rebel|Any CPU.ActiveCfg = Release|Any CPU
		{B32F0A17-23EF-409D-BD13-C282E0714D91}.Jaime_Rebel|Any CPU.Build.0 = Release|Any CPU
		{B32F0A17-23EF-409D-BD13-C282E0714D91}.Jaime_Rebel|x64.ActiveCfg = Release|Any CPU
		{B32F0A17-23EF-409D-BD13-C282E0714D91}.Jaime_Rebel|x86.ActiveCfg = Release|Any CPU
		{B32F0A17-23EF-409D-BD13-C282E0714D91}.ProductionRelease|Any CPU.ActiveCfg = Release|Any CPU
		{B32F0A17-23EF-409D-BD13-C282E0714D91}.ProductionRelease|Any CPU.Build.0 = Release|Any CPU
		{B32F0A17-23EF-409D-BD13-C282E0714D91}.ProductionRelease|x64.ActiveCfg = Release|Any CPU
		{B32F0A17-23EF-409D-BD13-C282E0714D91}.ProductionRelease|x86.ActiveCfg = Release|Any CPU
		{B32F0A17-23EF-409D-BD13-C282E0714D91}.Release|Any CPU.ActiveCfg = Release|Any CPU
		{B32F0A17-23EF-409D-BD13-C282E0714D91}.Release|Any CPU.Build.0 = Release|Any CPU
		{B32F0A17-23EF-409D-BD13-C282E0714D91}.Release|x64.ActiveCfg = Release|Any CPU
		{B32F0A17-23EF-409D-BD13-C282E0714D91}.Release|x86.ActiveCfg = Release|Any CPU
		{942F6C2E-682C-4D9B-9D6B-0B2062A43C70}.Debug|Any CPU.ActiveCfg = Debug|Any CPU
		{942F6C2E-682C-4D9B-9D6B-0B2062A43C70}.Debug|Any CPU.Build.0 = Debug|Any CPU
		{942F6C2E-682C-4D9B-9D6B-0B2062A43C70}.Debug|x64.ActiveCfg = Debug|x64
		{942F6C2E-682C-4D9B-9D6B-0B2062A43C70}.Debug|x64.Build.0 = Debug|x64
		{942F6C2E-682C-4D9B-9D6B-0B2062A43C70}.Debug|x86.ActiveCfg = Debug|x86
		{942F6C2E-682C-4D9B-9D6B-0B2062A43C70}.Debug|x86.Build.0 = Debug|x86
		{942F6C2E-682C-4D9B-9D6B-0B2062A43C70}.ECM_MailMonitor|Any CPU.ActiveCfg = Release|Any CPU
		{942F6C2E-682C-4D9B-9D6B-0B2062A43C70}.ECM_MailMonitor|Any CPU.Build.0 = Release|Any CPU
		{942F6C2E-682C-4D9B-9D6B-0B2062A43C70}.ECM_MailMonitor|x64.ActiveCfg = Release|x64
		{942F6C2E-682C-4D9B-9D6B-0B2062A43C70}.ECM_MailMonitor|x64.Build.0 = Release|x64
		{942F6C2E-682C-4D9B-9D6B-0B2062A43C70}.ECM_MailMonitor|x86.ActiveCfg = Release|x86
		{942F6C2E-682C-4D9B-9D6B-0B2062A43C70}.ECM_MailMonitor|x86.Build.0 = Release|x86
		{942F6C2E-682C-4D9B-9D6B-0B2062A43C70}.Jaime_Rebel|Any CPU.ActiveCfg = Release|Any CPU
		{942F6C2E-682C-4D9B-9D6B-0B2062A43C70}.Jaime_Rebel|Any CPU.Build.0 = Release|Any CPU
		{942F6C2E-682C-4D9B-9D6B-0B2062A43C70}.Jaime_Rebel|x64.ActiveCfg = Release|x64
		{942F6C2E-682C-4D9B-9D6B-0B2062A43C70}.Jaime_Rebel|x64.Build.0 = Release|x64
		{942F6C2E-682C-4D9B-9D6B-0B2062A43C70}.Jaime_Rebel|x86.ActiveCfg = Release|x86
		{942F6C2E-682C-4D9B-9D6B-0B2062A43C70}.Jaime_Rebel|x86.Build.0 = Release|x86
		{942F6C2E-682C-4D9B-9D6B-0B2062A43C70}.ProductionRelease|Any CPU.ActiveCfg = Release|Any CPU
		{942F6C2E-682C-4D9B-9D6B-0B2062A43C70}.ProductionRelease|Any CPU.Build.0 = Release|Any CPU
		{942F6C2E-682C-4D9B-9D6B-0B2062A43C70}.ProductionRelease|x64.ActiveCfg = Release|x64
		{942F6C2E-682C-4D9B-9D6B-0B2062A43C70}.ProductionRelease|x64.Build.0 = Release|x64
		{942F6C2E-682C-4D9B-9D6B-0B2062A43C70}.ProductionRelease|x86.ActiveCfg = Release|x86
		{942F6C2E-682C-4D9B-9D6B-0B2062A43C70}.ProductionRelease|x86.Build.0 = Release|x86
		{942F6C2E-682C-4D9B-9D6B-0B2062A43C70}.Release|Any CPU.ActiveCfg = Release|Any CPU
		{942F6C2E-682C-4D9B-9D6B-0B2062A43C70}.Release|Any CPU.Build.0 = Release|Any CPU
		{942F6C2E-682C-4D9B-9D6B-0B2062A43C70}.Release|x64.ActiveCfg = Release|x64
		{942F6C2E-682C-4D9B-9D6B-0B2062A43C70}.Release|x64.Build.0 = Release|x64
		{942F6C2E-682C-4D9B-9D6B-0B2062A43C70}.Release|x86.ActiveCfg = Release|x86
		{942F6C2E-682C-4D9B-9D6B-0B2062A43C70}.Release|x86.Build.0 = Release|x86
		{98086321-A541-4063-872B-62FA3A691B24}.Debug|Any CPU.ActiveCfg = Debug|Any CPU
		{98086321-A541-4063-872B-62FA3A691B24}.Debug|Any CPU.Build.0 = Debug|Any CPU
		{98086321-A541-4063-872B-62FA3A691B24}.Debug|x64.ActiveCfg = Debug|x64
		{98086321-A541-4063-872B-62FA3A691B24}.Debug|x64.Build.0 = Debug|x64
		{98086321-A541-4063-872B-62FA3A691B24}.Debug|x86.ActiveCfg = Debug|x86
		{98086321-A541-4063-872B-62FA3A691B24}.Debug|x86.Build.0 = Debug|x86
		{98086321-A541-4063-872B-62FA3A691B24}.ECM_MailMonitor|Any CPU.ActiveCfg = Release|Any CPU
		{98086321-A541-4063-872B-62FA3A691B24}.ECM_MailMonitor|Any CPU.Build.0 = Release|Any CPU
		{98086321-A541-4063-872B-62FA3A691B24}.ECM_MailMonitor|x64.ActiveCfg = Release|x64
		{98086321-A541-4063-872B-62FA3A691B24}.ECM_MailMonitor|x64.Build.0 = Release|x64
		{98086321-A541-4063-872B-62FA3A691B24}.ECM_MailMonitor|x86.ActiveCfg = Release|x86
		{98086321-A541-4063-872B-62FA3A691B24}.ECM_MailMonitor|x86.Build.0 = Release|x86
		{98086321-A541-4063-872B-62FA3A691B24}.Jaime_Rebel|Any CPU.ActiveCfg = Release|Any CPU
		{98086321-A541-4063-872B-62FA3A691B24}.Jaime_Rebel|Any CPU.Build.0 = Release|Any CPU
		{98086321-A541-4063-872B-62FA3A691B24}.Jaime_Rebel|x64.ActiveCfg = Release|x64
		{98086321-A541-4063-872B-62FA3A691B24}.Jaime_Rebel|x64.Build.0 = Release|x64
		{98086321-A541-4063-872B-62FA3A691B24}.Jaime_Rebel|x86.ActiveCfg = Release|x86
		{98086321-A541-4063-872B-62FA3A691B24}.Jaime_Rebel|x86.Build.0 = Release|x86
		{98086321-A541-4063-872B-62FA3A691B24}.ProductionRelease|Any CPU.ActiveCfg = Release|Any CPU
		{98086321-A541-4063-872B-62FA3A691B24}.ProductionRelease|Any CPU.Build.0 = Release|Any CPU
		{98086321-A541-4063-872B-62FA3A691B24}.ProductionRelease|x64.ActiveCfg = Release|x64
		{98086321-A541-4063-872B-62FA3A691B24}.ProductionRelease|x64.Build.0 = Release|x64
		{98086321-A541-4063-872B-62FA3A691B24}.ProductionRelease|x86.ActiveCfg = Release|x86
		{98086321-A541-4063-872B-62FA3A691B24}.ProductionRelease|x86.Build.0 = Release|x86
		{98086321-A541-4063-872B-62FA3A691B24}.Release|Any CPU.ActiveCfg = Release|Any CPU
		{98086321-A541-4063-872B-62FA3A691B24}.Release|Any CPU.Build.0 = Release|Any CPU
		{98086321-A541-4063-872B-62FA3A691B24}.Release|x64.ActiveCfg = Release|x64
		{98086321-A541-4063-872B-62FA3A691B24}.Release|x64.Build.0 = Release|x64
		{98086321-A541-4063-872B-62FA3A691B24}.Release|x86.ActiveCfg = Release|x86
		{98086321-A541-4063-872B-62FA3A691B24}.Release|x86.Build.0 = Release|x86
		{2B0CEAF2-6CE6-4909-A797-A24EFD55C130}.Debug|Any CPU.ActiveCfg = Debug|Any CPU
		{2B0CEAF2-6CE6-4909-A797-A24EFD55C130}.Debug|Any CPU.Build.0 = Debug|Any CPU
		{2B0CEAF2-6CE6-4909-A797-A24EFD55C130}.Debug|x64.ActiveCfg = Debug|x64
		{2B0CEAF2-6CE6-4909-A797-A24EFD55C130}.Debug|x64.Build.0 = Debug|x64
		{2B0CEAF2-6CE6-4909-A797-A24EFD55C130}.Debug|x86.ActiveCfg = Debug|x86
		{2B0CEAF2-6CE6-4909-A797-A24EFD55C130}.Debug|x86.Build.0 = Debug|x86
		{2B0CEAF2-6CE6-4909-A797-A24EFD55C130}.ECM_MailMonitor|Any CPU.ActiveCfg = Jaime_Rebel|Any CPU
		{2B0CEAF2-6CE6-4909-A797-A24EFD55C130}.ECM_MailMonitor|Any CPU.Build.0 = Jaime_Rebel|Any CPU
		{2B0CEAF2-6CE6-4909-A797-A24EFD55C130}.ECM_MailMonitor|x64.ActiveCfg = Jaime_Rebel|x64
		{2B0CEAF2-6CE6-4909-A797-A24EFD55C130}.ECM_MailMonitor|x64.Build.0 = Jaime_Rebel|x64
		{2B0CEAF2-6CE6-4909-A797-A24EFD55C130}.ECM_MailMonitor|x86.ActiveCfg = Jaime_Rebel|x86
		{2B0CEAF2-6CE6-4909-A797-A24EFD55C130}.ECM_MailMonitor|x86.Build.0 = Jaime_Rebel|x86
		{2B0CEAF2-6CE6-4909-A797-A24EFD55C130}.Jaime_Rebel|Any CPU.ActiveCfg = Jaime_Rebel|Any CPU
		{2B0CEAF2-6CE6-4909-A797-A24EFD55C130}.Jaime_Rebel|Any CPU.Build.0 = Jaime_Rebel|Any CPU
		{2B0CEAF2-6CE6-4909-A797-A24EFD55C130}.Jaime_Rebel|x64.ActiveCfg = Jaime_Rebel|x64
		{2B0CEAF2-6CE6-4909-A797-A24EFD55C130}.Jaime_Rebel|x64.Build.0 = Jaime_Rebel|x64
		{2B0CEAF2-6CE6-4909-A797-A24EFD55C130}.Jaime_Rebel|x86.ActiveCfg = Jaime_Rebel|x86
		{2B0CEAF2-6CE6-4909-A797-A24EFD55C130}.Jaime_Rebel|x86.Build.0 = Jaime_Rebel|x86
		{2B0CEAF2-6CE6-4909-A797-A24EFD55C130}.ProductionRelease|Any CPU.ActiveCfg = Release|Any CPU
		{2B0CEAF2-6CE6-4909-A797-A24EFD55C130}.ProductionRelease|Any CPU.Build.0 = Release|Any CPU
		{2B0CEAF2-6CE6-4909-A797-A24EFD55C130}.ProductionRelease|x64.ActiveCfg = Release|x64
		{2B0CEAF2-6CE6-4909-A797-A24EFD55C130}.ProductionRelease|x64.Build.0 = Release|x64
		{2B0CEAF2-6CE6-4909-A797-A24EFD55C130}.ProductionRelease|x86.ActiveCfg = Release|x86
		{2B0CEAF2-6CE6-4909-A797-A24EFD55C130}.ProductionRelease|x86.Build.0 = Release|x86
		{2B0CEAF2-6CE6-4909-A797-A24EFD55C130}.Release|Any CPU.ActiveCfg = Release|Any CPU
		{2B0CEAF2-6CE6-4909-A797-A24EFD55C130}.Release|Any CPU.Build.0 = Release|Any CPU
		{2B0CEAF2-6CE6-4909-A797-A24EFD55C130}.Release|x64.ActiveCfg = Release|x64
		{2B0CEAF2-6CE6-4909-A797-A24EFD55C130}.Release|x64.Build.0 = Release|x64
		{2B0CEAF2-6CE6-4909-A797-A24EFD55C130}.Release|x86.ActiveCfg = Release|x86
		{2B0CEAF2-6CE6-4909-A797-A24EFD55C130}.Release|x86.Build.0 = Release|x86
		{89380D4D-DDFB-4F0F-8F4C-5D42D9DA579D}.Debug|Any CPU.ActiveCfg = Debug|Any CPU
		{89380D4D-DDFB-4F0F-8F4C-5D42D9DA579D}.Debug|Any CPU.Build.0 = Debug|Any CPU
		{89380D4D-DDFB-4F0F-8F4C-5D42D9DA579D}.Debug|x64.ActiveCfg = Debug|x64
		{89380D4D-DDFB-4F0F-8F4C-5D42D9DA579D}.Debug|x64.Build.0 = Debug|x64
		{89380D4D-DDFB-4F0F-8F4C-5D42D9DA579D}.Debug|x86.ActiveCfg = Debug|x86
		{89380D4D-DDFB-4F0F-8F4C-5D42D9DA579D}.Debug|x86.Build.0 = Debug|x86
		{89380D4D-DDFB-4F0F-8F4C-5D42D9DA579D}.ECM_MailMonitor|Any CPU.ActiveCfg = Release|Any CPU
		{89380D4D-DDFB-4F0F-8F4C-5D42D9DA579D}.ECM_MailMonitor|Any CPU.Build.0 = Release|Any CPU
		{89380D4D-DDFB-4F0F-8F4C-5D42D9DA579D}.ECM_MailMonitor|x64.ActiveCfg = Release|x64
		{89380D4D-DDFB-4F0F-8F4C-5D42D9DA579D}.ECM_MailMonitor|x64.Build.0 = Release|x64
		{89380D4D-DDFB-4F0F-8F4C-5D42D9DA579D}.ECM_MailMonitor|x86.ActiveCfg = Release|x86
		{89380D4D-DDFB-4F0F-8F4C-5D42D9DA579D}.ECM_MailMonitor|x86.Build.0 = Release|x86
		{89380D4D-DDFB-4F0F-8F4C-5D42D9DA579D}.Jaime_Rebel|Any CPU.ActiveCfg = Release|Any CPU
		{89380D4D-DDFB-4F0F-8F4C-5D42D9DA579D}.Jaime_Rebel|Any CPU.Build.0 = Release|Any CPU
		{89380D4D-DDFB-4F0F-8F4C-5D42D9DA579D}.Jaime_Rebel|x64.ActiveCfg = Release|x64
		{89380D4D-DDFB-4F0F-8F4C-5D42D9DA579D}.Jaime_Rebel|x64.Build.0 = Release|x64
		{89380D4D-DDFB-4F0F-8F4C-5D42D9DA579D}.Jaime_Rebel|x86.ActiveCfg = Release|x86
		{89380D4D-DDFB-4F0F-8F4C-5D42D9DA579D}.Jaime_Rebel|x86.Build.0 = Release|x86
		{89380D4D-DDFB-4F0F-8F4C-5D42D9DA579D}.ProductionRelease|Any CPU.ActiveCfg = Release|Any CPU
		{89380D4D-DDFB-4F0F-8F4C-5D42D9DA579D}.ProductionRelease|Any CPU.Build.0 = Release|Any CPU
		{89380D4D-DDFB-4F0F-8F4C-5D42D9DA579D}.ProductionRelease|x64.ActiveCfg = Release|x64
		{89380D4D-DDFB-4F0F-8F4C-5D42D9DA579D}.ProductionRelease|x64.Build.0 = Release|x64
		{89380D4D-DDFB-4F0F-8F4C-5D42D9DA579D}.ProductionRelease|x86.ActiveCfg = Release|x86
		{89380D4D-DDFB-4F0F-8F4C-5D42D9DA579D}.ProductionRelease|x86.Build.0 = Release|x86
		{89380D4D-DDFB-4F0F-8F4C-5D42D9DA579D}.Release|Any CPU.ActiveCfg = Release|Any CPU
		{89380D4D-DDFB-4F0F-8F4C-5D42D9DA579D}.Release|Any CPU.Build.0 = Release|Any CPU
		{89380D4D-DDFB-4F0F-8F4C-5D42D9DA579D}.Release|x64.ActiveCfg = Release|x64
		{89380D4D-DDFB-4F0F-8F4C-5D42D9DA579D}.Release|x64.Build.0 = Release|x64
		{89380D4D-DDFB-4F0F-8F4C-5D42D9DA579D}.Release|x86.ActiveCfg = Release|x86
		{89380D4D-DDFB-4F0F-8F4C-5D42D9DA579D}.Release|x86.Build.0 = Release|x86
	EndGlobalSection
	GlobalSection(SolutionProperties) = preSolution
		HideSolutionNode = FALSE
	EndGlobalSection
EndGlobal
