
Microsoft Visual Studio Solution File, Format Version 12.00
# Visual Studio 2012
Project("{FAE04EC0-301F-11D3-BF4B-00C04F79EFBC}") = "UsageWebService", "UsageWebService.csproj", "{F9ED09E1-F194-4EE6-8EE1-0622FEE07EB2}"
	ProjectSection(ProjectDependencies) = postProject
		{98086321-A541-4063-872B-62FA3A691B24} = {98086321-A541-4063-872B-62FA3A691B24}
		{942F6C2E-682C-4D9B-9D6B-0B2062A43C70} = {942F6C2E-682C-4D9B-9D6B-0B2062A43C70}
		{C0897342-C763-4B4A-9770-384507B7CFE0} = {C0897342-C763-4B4A-9770-384507B7CFE0}
		{98EE2193-7E9A-4349-B5C5-A042CE7D35EE} = {98EE2193-7E9A-4349-B5C5-A042CE7D35EE}
		{2B0CEAF2-6CE6-4909-A797-A24EFD55C130} = {2B0CEAF2-6CE6-4909-A797-A24EFD55C130}
	EndProjectSection
EndProject
Project("{FAE04EC0-301F-11D3-BF4B-00C04F79EFBC}") = "UsageEventAggregator", "..\..\Business\MarketManagement\UsageEventAggregator\UsageEventAggregator.csproj", "{B32F0A17-23EF-409D-BD13-C282E0714D91}"
EndProject
Project("{FAE04EC0-301F-11D3-BF4B-00C04F79EFBC}") = "UsageManagement", "..\..\Business\MarketManagement\UsageManagement\UsageManagement.csproj", "{942F6C2E-682C-4D9B-9D6B-0B2062A43C70}"
EndProject
Project("{FAE04EC0-301F-11D3-BF4B-00C04F79EFBC}") = "UtilityManagement", "..\..\Business\MarketManagement\UtilityManagement\UtilityManagement.csproj", "{98086321-A541-4063-872B-62FA3A691B24}"
EndProject
Project("{FAE04EC0-301F-11D3-BF4B-00C04F79EFBC}") = "TransactionsSql", "..\..\DataAccess\SqlAccess\TransactionsSql\TransactionsSql.csproj", "{2B0CEAF2-6CE6-4909-A797-A24EFD55C130}"
EndProject
Project("{FAE04EC0-301F-11D3-BF4B-00C04F79EFBC}") = "IstaSql", "..\..\DataAccess\SqlAccess\IstaSql\IstaSql.csproj", "{C0897342-C763-4B4A-9770-384507B7CFE0}"
EndProject
Project("{FAE04EC0-301F-11D3-BF4B-00C04F79EFBC}") = "IstaWebService", "..\IstaService\IstaWebService.csproj", "{98EE2193-7E9A-4349-B5C5-A042CE7D35EE}"
EndProject
Project("{FAE04EC0-301F-11D3-BF4B-00C04F79EFBC}") = "MarketParsing", "..\..\Business\MarketManagement\MarketParsing\MarketParsing.csproj", "{89380D4D-DDFB-4F0F-8F4C-5D42D9DA579D}"
EndProject
Project("{FAE04EC0-301F-11D3-BF4B-00C04F79EFBC}") = "AccountManagement", "..\..\Business\CustomerManagement\AccountManagement\AccountManagement.csproj", "{5BDF93E6-83AA-4251-BDAD-38F466714B41}"
EndProject
Project("{FAE04EC0-301F-11D3-BF4B-00C04F79EFBC}") = "LibertyPowerSql", "..\..\DataAccess\SqlAccess\LibertyPowerSql\LibertyPowerSql.csproj", "{05913FB9-6F34-4863-A2F3-0A875A4908FF}"
EndProject
Global
	GlobalSection(TeamFoundationVersionControl) = preSolution
		SccNumberOfProjects = 11
		SccEnterpriseProvider = {4CA58AB2-18FA-4F8D-95D4-32DDF27D184C}
		SccTeamFoundationServer = http://lpcnocapptfs1:8080/tfs/lpcollection
		SccLocalPath0 = .
		SccProjectUniqueName1 = UsageWebService.csproj
		SccLocalPath1 = .
		SccProjectUniqueName2 = ..\\..\\DataAccess\\SqlAccess\\IstaSql\\IstaSql.csproj
		SccProjectName2 = ../../DataAccess/SqlAccess/IstaSql
		SccLocalPath2 = ..\\..\\DataAccess\\SqlAccess\\IstaSql
		SccProjectUniqueName3 = ..\\..\\DataAccess\\SqlAccess\\TransactionsSql\\TransactionsSql.csproj
		SccProjectName3 = ../../DataAccess/SqlAccess/TransactionsSql
		SccLocalPath3 = ..\\..\\DataAccess\\SqlAccess\\TransactionsSql
		SccProjectUniqueName4 = ..\\..\\Business\\MarketManagement\\UtilityManagement\\UtilityManagement.csproj
		SccProjectName4 = ../../Business/MarketManagement/UtilityManagement
		SccLocalPath4 = ..\\..\\Business\\MarketManagement\\UtilityManagement
		SccProjectUniqueName5 = ..\\..\\Business\\MarketManagement\\UsageManagement\\UsageManagement.csproj
		SccProjectName5 = ../../Business/MarketManagement/UsageManagement
		SccLocalPath5 = ..\\..\\Business\\MarketManagement\\UsageManagement
		SccProjectUniqueName6 = ..\\..\\Business\\MarketManagement\\UsageEventAggregator\\UsageEventAggregator.csproj
		SccProjectName6 = ../../Business/MarketManagement/UsageEventAggregator
		SccLocalPath6 = ..\\..\\Business\\MarketManagement\\UsageEventAggregator
		SccProjectUniqueName7 = ..\\IstaService\\IstaWebService.csproj
		SccProjectName7 = ../IstaService
		SccLocalPath7 = ..\\IstaService
		SccProjectUniqueName8 = ..\\..\\Business\\MarketManagement\\MarketParsing\\MarketParsing.csproj
		SccProjectName8 = ../../Business/MarketManagement/MarketParsing
		SccLocalPath8 = ..\\..\\Business\\MarketManagement\\MarketParsing
		SccProjectUniqueName9 = ..\\..\\Business\\CustomerManagement\\AccountManagement\\AccountManagement.csproj
		SccProjectName9 = ../../Business/CustomerManagement/AccountManagement
		SccLocalPath9 = ..\\..\\Business\\CustomerManagement\\AccountManagement
		SccProjectUniqueName10 = ..\\..\\DataAccess\\SqlAccess\\LibertyPowerSql\\LibertyPowerSql.csproj
		SccProjectName10 = ../../DataAccess/SqlAccess/LibertyPowerSql
		SccLocalPath10 = ..\\..\\DataAccess\\SqlAccess\\LibertyPowerSql
	EndGlobalSection
	GlobalSection(SolutionConfigurationPlatforms) = preSolution
		Debug|Any CPU = Debug|Any CPU
		Debug|x64 = Debug|x64
		Debug|x86 = Debug|x86
		ECM_MailMonitor|Any CPU = ECM_MailMonitor|Any CPU
		ECM_MailMonitor|x64 = ECM_MailMonitor|x64
		ECM_MailMonitor|x86 = ECM_MailMonitor|x86
		Jaime_Rebel|Any CPU = Jaime_Rebel|Any CPU
		Jaime_Rebel|x64 = Jaime_Rebel|x64
		Jaime_Rebel|x86 = Jaime_Rebel|x86
		ProductionRelease|Any CPU = ProductionRelease|Any CPU
		ProductionRelease|x64 = ProductionRelease|x64
		ProductionRelease|x86 = ProductionRelease|x86
		Release|Any CPU = Release|Any CPU
		Release|x64 = Release|x64
		Release|x86 = Release|x86
	EndGlobalSection
	GlobalSection(ProjectConfigurationPlatforms) = postSolution
		{F9ED09E1-F194-4EE6-8EE1-0622FEE07EB2}.Debug|Any CPU.ActiveCfg = Debug|Any CPU
		{F9ED09E1-F194-4EE6-8EE1-0622FEE07EB2}.Debug|Any CPU.Build.0 = Debug|Any CPU
		{F9ED09E1-F194-4EE6-8EE1-0622FEE07EB2}.Debug|x64.ActiveCfg = Debug|Any CPU
		{F9ED09E1-F194-4EE6-8EE1-0622FEE07EB2}.Debug|x86.ActiveCfg = Debug|Any CPU
		{F9ED09E1-F194-4EE6-8EE1-0622FEE07EB2}.ECM_MailMonitor|Any CPU.ActiveCfg = Release|Any CPU
		{F9ED09E1-F194-4EE6-8EE1-0622FEE07EB2}.ECM_MailMonitor|Any CPU.Build.0 = Release|Any CPU
		{F9ED09E1-F194-4EE6-8EE1-0622FEE07EB2}.ECM_MailMonitor|x64.ActiveCfg = Release|Any CPU
		{F9ED09E1-F194-4EE6-8EE1-0622FEE07EB2}.ECM_MailMonitor|x86.ActiveCfg = Release|Any CPU
		{F9ED09E1-F194-4EE6-8EE1-0622FEE07EB2}.Jaime_Rebel|Any CPU.ActiveCfg = Release|Any CPU
		{F9ED09E1-F194-4EE6-8EE1-0622FEE07EB2}.Jaime_Rebel|Any CPU.Build.0 = Release|Any CPU
		{F9ED09E1-F194-4EE6-8EE1-0622FEE07EB2}.Jaime_Rebel|x64.ActiveCfg = Release|Any CPU
		{F9ED09E1-F194-4EE6-8EE1-0622FEE07EB2}.Jaime_Rebel|x86.ActiveCfg = Release|Any CPU
		{F9ED09E1-F194-4EE6-8EE1-0622FEE07EB2}.ProductionRelease|Any CPU.ActiveCfg = Release|Any CPU
		{F9ED09E1-F194-4EE6-8EE1-0622FEE07EB2}.ProductionRelease|Any CPU.Build.0 = Release|Any CPU
		{F9ED09E1-F194-4EE6-8EE1-0622FEE07EB2}.ProductionRelease|x64.ActiveCfg = Release|Any CPU
		{F9ED09E1-F194-4EE6-8EE1-0622FEE07EB2}.ProductionRelease|x86.ActiveCfg = Release|Any CPU
		{F9ED09E1-F194-4EE6-8EE1-0622FEE07EB2}.Release|Any CPU.ActiveCfg = Release|Any CPU
		{F9ED09E1-F194-4EE6-8EE1-0622FEE07EB2}.Release|Any CPU.Build.0 = Release|Any CPU
		{F9ED09E1-F194-4EE6-8EE1-0622FEE07EB2}.Release|x64.ActiveCfg = Release|Any CPU
		{F9ED09E1-F194-4EE6-8EE1-0622FEE07EB2}.Release|x86.ActiveCfg = Release|Any CPU
		{B32F0A17-23EF-409D-BD13-C282E0714D91}.Debug|Any CPU.ActiveCfg = Debug|Any CPU
		{B32F0A17-23EF-409D-BD13-C282E0714D91}.Debug|Any CPU.Build.0 = Debug|Any CPU
		{B32F0A17-23EF-409D-BD13-C282E0714D91}.Debug|x64.ActiveCfg = Debug|Any CPU
		{B32F0A17-23EF-409D-BD13-C282E0714D91}.Debug|x86.ActiveCfg = Debug|Any CPU
		{B32F0A17-23EF-409D-BD13-C282E0714D91}.ECM_MailMonitor|Any CPU.ActiveCfg = Release|Any CPU
		{B32F0A17-23EF-409D-BD13-C282E0714D91}.ECM_MailMonitor|Any CPU.Build.0 = Release|Any CPU
		{B32F0A17-23EF-409D-BD13-C282E0714D91}.ECM_MailMonitor|x64.ActiveCfg = Release|Any CPU
		{B32F0A17-23EF-409D-BD13-C282E0714D91}.ECM_MailMonitor|x86.ActiveCfg = Release|Any CPU
		{B32F0A17-23EF-409D-BD13-C282E0714D91}.Jaime_Rebel|Any CPU.ActiveCfg = Release|Any CPU
		{B32F0A17-23EF-409D-BD13-C282E0714D91}.Jaime_Rebel|Any CPU.Build.0 = Release|Any CPU
		{B32F0A17-23EF-409D-BD13-C282E0714D91}.Jaime_Rebel|x64.ActiveCfg = Release|Any CPU
		{B32F0A17-23EF-409D-BD13-C282E0714D91}.Jaime_Rebel|x86.ActiveCfg = Release|Any CPU
		{B32F0A17-23EF-409D-BD13-C282E0714D91}.ProductionRelease|Any CPU.ActiveCfg = Release|Any CPU
		{B32F0A17-23EF-409D-BD13-C282E0714D91}.ProductionRelease|Any CPU.Build.0 = Release|Any CPU
		{B32F0A17-23EF-409D-BD13-C282E0714D91}.ProductionRelease|x64.ActiveCfg = Release|Any CPU
		{B32F0A17-23EF-409D-BD13-C282E0714D91}.ProductionRelease|x86.ActiveCfg = Release|Any CPU
		{B32F0A17-23EF-409D-BD13-C282E0714D91}.Release|Any CPU.ActiveCfg = Release|Any CPU
		{B32F0A17-23EF-409D-BD13-C282E0714D91}.Release|Any CPU.Build.0 = Release|Any CPU
		{B32F0A17-23EF-409D-BD13-C282E0714D91}.Release|x64.ActiveCfg = Release|Any CPU
		{B32F0A17-23EF-409D-BD13-C282E0714D91}.Release|x86.ActiveCfg = Release|Any CPU
		{942F6C2E-682C-4D9B-9D6B-0B2062A43C70}.Debug|Any CPU.ActiveCfg = Debug|Any CPU
		{942F6C2E-682C-4D9B-9D6B-0B2062A43C70}.Debug|Any CPU.Build.0 = Debug|Any CPU
		{942F6C2E-682C-4D9B-9D6B-0B2062A43C70}.Debug|x64.ActiveCfg = Debug|x64
		{942F6C2E-682C-4D9B-9D6B-0B2062A43C70}.Debug|x64.Build.0 = Debug|x64
		{942F6C2E-682C-4D9B-9D6B-0B2062A43C70}.Debug|x86.ActiveCfg = Debug|x86
		{942F6C2E-682C-4D9B-9D6B-0B2062A43C70}.Debug|x86.Build.0 = Debug|x86
		{942F6C2E-682C-4D9B-9D6B-0B2062A43C70}.ECM_MailMonitor|Any CPU.ActiveCfg = Release|Any CPU
		{942F6C2E-682C-4D9B-9D6B-0B2062A43C70}.ECM_MailMonitor|Any CPU.Build.0 = Release|Any CPU
		{942F6C2E-682C-4D9B-9D6B-0B2062A43C70}.ECM_MailMonitor|x64.ActiveCfg = Release|x64
		{942F6C2E-682C-4D9B-9D6B-0B2062A43C70}.ECM_MailMonitor|x64.Build.0 = Release|x64
		{942F6C2E-682C-4D9B-9D6B-0B2062A43C70}.ECM_MailMonitor|x86.ActiveCfg = Release|x86
		{942F6C2E-682C-4D9B-9D6B-0B2062A43C70}.ECM_MailMonitor|x86.Build.0 = Release|x86
		{942F6C2E-682C-4D9B-9D6B-0B2062A43C70}.Jaime_Rebel|Any CPU.ActiveCfg = Release|Any CPU
		{942F6C2E-682C-4D9B-9D6B-0B2062A43C70}.Jaime_Rebel|Any CPU.Build.0 = Release|Any CPU
		{942F6C2E-682C-4D9B-9D6B-0B2062A43C70}.Jaime_Rebel|x64.ActiveCfg = Release|x64
		{942F6C2E-682C-4D9B-9D6B-0B2062A43C70}.Jaime_Rebel|x64.Build.0 = Release|x64
		{942F6C2E-682C-4D9B-9D6B-0B2062A43C70}.Jaime_Rebel|x86.ActiveCfg = Release|x86
		{942F6C2E-682C-4D9B-9D6B-0B2062A43C70}.Jaime_Rebel|x86.Build.0 = Release|x86
		{942F6C2E-682C-4D9B-9D6B-0B2062A43C70}.ProductionRelease|Any CPU.ActiveCfg = Release|Any CPU
		{942F6C2E-682C-4D9B-9D6B-0B2062A43C70}.ProductionRelease|Any CPU.Build.0 = Release|Any CPU
		{942F6C2E-682C-4D9B-9D6B-0B2062A43C70}.ProductionRelease|x64.ActiveCfg = Release|x64
		{942F6C2E-682C-4D9B-9D6B-0B2062A43C70}.ProductionRelease|x64.Build.0 = Release|x64
		{942F6C2E-682C-4D9B-9D6B-0B2062A43C70}.ProductionRelease|x86.ActiveCfg = Release|x86
		{942F6C2E-682C-4D9B-9D6B-0B2062A43C70}.ProductionRelease|x86.Build.0 = Release|x86
		{942F6C2E-682C-4D9B-9D6B-0B2062A43C70}.Release|Any CPU.ActiveCfg = Release|Any CPU
		{942F6C2E-682C-4D9B-9D6B-0B2062A43C70}.Release|Any CPU.Build.0 = Release|Any CPU
		{942F6C2E-682C-4D9B-9D6B-0B2062A43C70}.Release|x64.ActiveCfg = Release|x64
		{942F6C2E-682C-4D9B-9D6B-0B2062A43C70}.Release|x64.Build.0 = Release|x64
		{942F6C2E-682C-4D9B-9D6B-0B2062A43C70}.Release|x86.ActiveCfg = Release|x86
		{942F6C2E-682C-4D9B-9D6B-0B2062A43C70}.Release|x86.Build.0 = Release|x86
		{98086321-A541-4063-872B-62FA3A691B24}.Debug|Any CPU.ActiveCfg = Debug|Any CPU
		{98086321-A541-4063-872B-62FA3A691B24}.Debug|Any CPU.Build.0 = Debug|Any CPU
		{98086321-A541-4063-872B-62FA3A691B24}.Debug|x64.ActiveCfg = Debug|x64
		{98086321-A541-4063-872B-62FA3A691B24}.Debug|x64.Build.0 = Debug|x64
		{98086321-A541-4063-872B-62FA3A691B24}.Debug|x86.ActiveCfg = Debug|x86
		{98086321-A541-4063-872B-62FA3A691B24}.Debug|x86.Build.0 = Debug|x86
		{98086321-A541-4063-872B-62FA3A691B24}.ECM_MailMonitor|Any CPU.ActiveCfg = Release|Any CPU
		{98086321-A541-4063-872B-62FA3A691B24}.ECM_MailMonitor|Any CPU.Build.0 = Release|Any CPU
		{98086321-A541-4063-872B-62FA3A691B24}.ECM_MailMonitor|x64.ActiveCfg = Release|x64
		{98086321-A541-4063-872B-62FA3A691B24}.ECM_MailMonitor|x64.Build.0 = Release|x64
		{98086321-A541-4063-872B-62FA3A691B24}.ECM_MailMonitor|x86.ActiveCfg = Release|x86
		{98086321-A541-4063-872B-62FA3A691B24}.ECM_MailMonitor|x86.Build.0 = Release|x86
		{98086321-A541-4063-872B-62FA3A691B24}.Jaime_Rebel|Any CPU.ActiveCfg = Release|Any CPU
		{98086321-A541-4063-872B-62FA3A691B24}.Jaime_Rebel|Any CPU.Build.0 = Release|Any CPU
		{98086321-A541-4063-872B-62FA3A691B24}.Jaime_Rebel|x64.ActiveCfg = Release|x64
		{98086321-A541-4063-872B-62FA3A691B24}.Jaime_Rebel|x64.Build.0 = Release|x64
		{98086321-A541-4063-872B-62FA3A691B24}.Jaime_Rebel|x86.ActiveCfg = Release|x86
		{98086321-A541-4063-872B-62FA3A691B24}.Jaime_Rebel|x86.Build.0 = Release|x86
		{98086321-A541-4063-872B-62FA3A691B24}.ProductionRelease|Any CPU.ActiveCfg = Release|Any CPU
		{98086321-A541-4063-872B-62FA3A691B24}.ProductionRelease|Any CPU.Build.0 = Release|Any CPU
		{98086321-A541-4063-872B-62FA3A691B24}.ProductionRelease|x64.ActiveCfg = Release|x64
		{98086321-A541-4063-872B-62FA3A691B24}.ProductionRelease|x64.Build.0 = Release|x64
		{98086321-A541-4063-872B-62FA3A691B24}.ProductionRelease|x86.ActiveCfg = Release|x86
		{98086321-A541-4063-872B-62FA3A691B24}.ProductionRelease|x86.Build.0 = Release|x86
		{98086321-A541-4063-872B-62FA3A691B24}.Release|Any CPU.ActiveCfg = Release|Any CPU
		{98086321-A541-4063-872B-62FA3A691B24}.Release|Any CPU.Build.0 = Release|Any CPU
		{98086321-A541-4063-872B-62FA3A691B24}.Release|x64.ActiveCfg = Release|x64
		{98086321-A541-4063-872B-62FA3A691B24}.Release|x64.Build.0 = Release|x64
		{98086321-A541-4063-872B-62FA3A691B24}.Release|x86.ActiveCfg = Release|x86
		{98086321-A541-4063-872B-62FA3A691B24}.Release|x86.Build.0 = Release|x86
		{2B0CEAF2-6CE6-4909-A797-A24EFD55C130}.Debug|Any CPU.ActiveCfg = Debug|Any CPU
		{2B0CEAF2-6CE6-4909-A797-A24EFD55C130}.Debug|Any CPU.Build.0 = Debug|Any CPU
		{2B0CEAF2-6CE6-4909-A797-A24EFD55C130}.Debug|x64.ActiveCfg = Debug|x64
		{2B0CEAF2-6CE6-4909-A797-A24EFD55C130}.Debug|x64.Build.0 = Debug|x64
		{2B0CEAF2-6CE6-4909-A797-A24EFD55C130}.Debug|x86.ActiveCfg = Debug|x86
		{2B0CEAF2-6CE6-4909-A797-A24EFD55C130}.Debug|x86.Build.0 = Debug|x86
		{2B0CEAF2-6CE6-4909-A797-A24EFD55C130}.ECM_MailMonitor|Any CPU.ActiveCfg = Jaime_Rebel|Any CPU
		{2B0CEAF2-6CE6-4909-A797-A24EFD55C130}.ECM_MailMonitor|Any CPU.Build.0 = Jaime_Rebel|Any CPU
		{2B0CEAF2-6CE6-4909-A797-A24EFD55C130}.ECM_MailMonitor|x64.ActiveCfg = Jaime_Rebel|x64
		{2B0CEAF2-6CE6-4909-A797-A24EFD55C130}.ECM_MailMonitor|x64.Build.0 = Jaime_Rebel|x64
		{2B0CEAF2-6CE6-4909-A797-A24EFD55C130}.ECM_MailMonitor|x86.ActiveCfg = Jaime_Rebel|x86
		{2B0CEAF2-6CE6-4909-A797-A24EFD55C130}.ECM_MailMonitor|x86.Build.0 = Jaime_Rebel|x86
		{2B0CEAF2-6CE6-4909-A797-A24EFD55C130}.Jaime_Rebel|Any CPU.ActiveCfg = Jaime_Rebel|Any CPU
		{2B0CEAF2-6CE6-4909-A797-A24EFD55C130}.Jaime_Rebel|Any CPU.Build.0 = Jaime_Rebel|Any CPU
		{2B0CEAF2-6CE6-4909-A797-A24EFD55C130}.Jaime_Rebel|x64.ActiveCfg = Jaime_Rebel|x64
		{2B0CEAF2-6CE6-4909-A797-A24EFD55C130}.Jaime_Rebel|x64.Build.0 = Jaime_Rebel|x64
		{2B0CEAF2-6CE6-4909-A797-A24EFD55C130}.Jaime_Rebel|x86.ActiveCfg = Jaime_Rebel|x86
		{2B0CEAF2-6CE6-4909-A797-A24EFD55C130}.Jaime_Rebel|x86.Build.0 = Jaime_Rebel|x86
		{2B0CEAF2-6CE6-4909-A797-A24EFD55C130}.ProductionRelease|Any CPU.ActiveCfg = Release|Any CPU
		{2B0CEAF2-6CE6-4909-A797-A24EFD55C130}.ProductionRelease|Any CPU.Build.0 = Release|Any CPU
		{2B0CEAF2-6CE6-4909-A797-A24EFD55C130}.ProductionRelease|x64.ActiveCfg = Release|x64
		{2B0CEAF2-6CE6-4909-A797-A24EFD55C130}.ProductionRelease|x64.Build.0 = Release|x64
		{2B0CEAF2-6CE6-4909-A797-A24EFD55C130}.ProductionRelease|x86.ActiveCfg = Release|x86
		{2B0CEAF2-6CE6-4909-A797-A24EFD55C130}.ProductionRelease|x86.Build.0 = Release|x86
		{2B0CEAF2-6CE6-4909-A797-A24EFD55C130}.Release|Any CPU.ActiveCfg = Release|Any CPU
		{2B0CEAF2-6CE6-4909-A797-A24EFD55C130}.Release|Any CPU.Build.0 = Release|Any CPU
		{2B0CEAF2-6CE6-4909-A797-A24EFD55C130}.Release|x64.ActiveCfg = Release|x64
		{2B0CEAF2-6CE6-4909-A797-A24EFD55C130}.Release|x64.Build.0 = Release|x64
		{2B0CEAF2-6CE6-4909-A797-A24EFD55C130}.Release|x86.ActiveCfg = Release|x86
		{2B0CEAF2-6CE6-4909-A797-A24EFD55C130}.Release|x86.Build.0 = Release|x86
		{C0897342-C763-4B4A-9770-384507B7CFE0}.Debug|Any CPU.ActiveCfg = Debug|Any CPU
		{C0897342-C763-4B4A-9770-384507B7CFE0}.Debug|Any CPU.Build.0 = Debug|Any CPU
		{C0897342-C763-4B4A-9770-384507B7CFE0}.Debug|x64.ActiveCfg = Debug|x64
		{C0897342-C763-4B4A-9770-384507B7CFE0}.Debug|x64.Build.0 = Debug|x64
		{C0897342-C763-4B4A-9770-384507B7CFE0}.Debug|x86.ActiveCfg = Debug|x86
		{C0897342-C763-4B4A-9770-384507B7CFE0}.Debug|x86.Build.0 = Debug|x86
		{C0897342-C763-4B4A-9770-384507B7CFE0}.ECM_MailMonitor|Any CPU.ActiveCfg = Release|Any CPU
		{C0897342-C763-4B4A-9770-384507B7CFE0}.ECM_MailMonitor|Any CPU.Build.0 = Release|Any CPU
		{C0897342-C763-4B4A-9770-384507B7CFE0}.ECM_MailMonitor|x64.ActiveCfg = Release|x64
		{C0897342-C763-4B4A-9770-384507B7CFE0}.ECM_MailMonitor|x64.Build.0 = Release|x64
		{C0897342-C763-4B4A-9770-384507B7CFE0}.ECM_MailMonitor|x86.ActiveCfg = Release|x86
		{C0897342-C763-4B4A-9770-384507B7CFE0}.ECM_MailMonitor|x86.Build.0 = Release|x86
		{C0897342-C763-4B4A-9770-384507B7CFE0}.Jaime_Rebel|Any CPU.ActiveCfg = Release|Any CPU
		{C0897342-C763-4B4A-9770-384507B7CFE0}.Jaime_Rebel|Any CPU.Build.0 = Release|Any CPU
		{C0897342-C763-4B4A-9770-384507B7CFE0}.Jaime_Rebel|x64.ActiveCfg = Release|x64
		{C0897342-C763-4B4A-9770-384507B7CFE0}.Jaime_Rebel|x64.Build.0 = Release|x64
		{C0897342-C763-4B4A-9770-384507B7CFE0}.Jaime_Rebel|x86.ActiveCfg = Release|x86
		{C0897342-C763-4B4A-9770-384507B7CFE0}.Jaime_Rebel|x86.Build.0 = Release|x86
		{C0897342-C763-4B4A-9770-384507B7CFE0}.ProductionRelease|Any CPU.ActiveCfg = Release|Any CPU
		{C0897342-C763-4B4A-9770-384507B7CFE0}.ProductionRelease|Any CPU.Build.0 = Release|Any CPU
		{C0897342-C763-4B4A-9770-384507B7CFE0}.ProductionRelease|x64.ActiveCfg = Release|x64
		{C0897342-C763-4B4A-9770-384507B7CFE0}.ProductionRelease|x64.Build.0 = Release|x64
		{C0897342-C763-4B4A-9770-384507B7CFE0}.ProductionRelease|x86.ActiveCfg = Release|x86
		{C0897342-C763-4B4A-9770-384507B7CFE0}.ProductionRelease|x86.Build.0 = Release|x86
		{C0897342-C763-4B4A-9770-384507B7CFE0}.Release|Any CPU.ActiveCfg = Release|Any CPU
		{C0897342-C763-4B4A-9770-384507B7CFE0}.Release|Any CPU.Build.0 = Release|Any CPU
		{C0897342-C763-4B4A-9770-384507B7CFE0}.Release|x64.ActiveCfg = Release|x64
		{C0897342-C763-4B4A-9770-384507B7CFE0}.Release|x64.Build.0 = Release|x64
		{C0897342-C763-4B4A-9770-384507B7CFE0}.Release|x86.ActiveCfg = Release|x86
		{C0897342-C763-4B4A-9770-384507B7CFE0}.Release|x86.Build.0 = Release|x86
		{98EE2193-7E9A-4349-B5C5-A042CE7D35EE}.Debug|Any CPU.ActiveCfg = Debug|Any CPU
		{98EE2193-7E9A-4349-B5C5-A042CE7D35EE}.Debug|Any CPU.Build.0 = Debug|Any CPU
		{98EE2193-7E9A-4349-B5C5-A042CE7D35EE}.Debug|x64.ActiveCfg = Debug|x64
		{98EE2193-7E9A-4349-B5C5-A042CE7D35EE}.Debug|x64.Build.0 = Debug|x64
		{98EE2193-7E9A-4349-B5C5-A042CE7D35EE}.Debug|x86.ActiveCfg = Debug|x86
		{98EE2193-7E9A-4349-B5C5-A042CE7D35EE}.Debug|x86.Build.0 = Debug|x86
		{98EE2193-7E9A-4349-B5C5-A042CE7D35EE}.ECM_MailMonitor|Any CPU.ActiveCfg = Release|Any CPU
		{98EE2193-7E9A-4349-B5C5-A042CE7D35EE}.ECM_MailMonitor|Any CPU.Build.0 = Release|Any CPU
		{98EE2193-7E9A-4349-B5C5-A042CE7D35EE}.ECM_MailMonitor|x64.ActiveCfg = Release|x64
		{98EE2193-7E9A-4349-B5C5-A042CE7D35EE}.ECM_MailMonitor|x64.Build.0 = Release|x64
		{98EE2193-7E9A-4349-B5C5-A042CE7D35EE}.ECM_MailMonitor|x86.ActiveCfg = Release|x86
		{98EE2193-7E9A-4349-B5C5-A042CE7D35EE}.ECM_MailMonitor|x86.Build.0 = Release|x86
		{98EE2193-7E9A-4349-B5C5-A042CE7D35EE}.Jaime_Rebel|Any CPU.ActiveCfg = Release|Any CPU
		{98EE2193-7E9A-4349-B5C5-A042CE7D35EE}.Jaime_Rebel|Any CPU.Build.0 = Release|Any CPU
		{98EE2193-7E9A-4349-B5C5-A042CE7D35EE}.Jaime_Rebel|x64.ActiveCfg = Release|x64
		{98EE2193-7E9A-4349-B5C5-A042CE7D35EE}.Jaime_Rebel|x64.Build.0 = Release|x64
		{98EE2193-7E9A-4349-B5C5-A042CE7D35EE}.Jaime_Rebel|x86.ActiveCfg = Release|x86
		{98EE2193-7E9A-4349-B5C5-A042CE7D35EE}.Jaime_Rebel|x86.Build.0 = Release|x86
		{98EE2193-7E9A-4349-B5C5-A042CE7D35EE}.ProductionRelease|Any CPU.ActiveCfg = Release|Any CPU
		{98EE2193-7E9A-4349-B5C5-A042CE7D35EE}.ProductionRelease|Any CPU.Build.0 = Release|Any CPU
		{98EE2193-7E9A-4349-B5C5-A042CE7D35EE}.ProductionRelease|x64.ActiveCfg = Release|x64
		{98EE2193-7E9A-4349-B5C5-A042CE7D35EE}.ProductionRelease|x64.Build.0 = Release|x64
		{98EE2193-7E9A-4349-B5C5-A042CE7D35EE}.ProductionRelease|x86.ActiveCfg = Release|x86
		{98EE2193-7E9A-4349-B5C5-A042CE7D35EE}.ProductionRelease|x86.Build.0 = Release|x86
		{98EE2193-7E9A-4349-B5C5-A042CE7D35EE}.Release|Any CPU.ActiveCfg = Release|Any CPU
		{98EE2193-7E9A-4349-B5C5-A042CE7D35EE}.Release|Any CPU.Build.0 = Release|Any CPU
		{98EE2193-7E9A-4349-B5C5-A042CE7D35EE}.Release|x64.ActiveCfg = Release|x64
		{98EE2193-7E9A-4349-B5C5-A042CE7D35EE}.Release|x64.Build.0 = Release|x64
		{98EE2193-7E9A-4349-B5C5-A042CE7D35EE}.Release|x86.ActiveCfg = Release|x86
		{98EE2193-7E9A-4349-B5C5-A042CE7D35EE}.Release|x86.Build.0 = Release|x86
		{89380D4D-DDFB-4F0F-8F4C-5D42D9DA579D}.Debug|Any CPU.ActiveCfg = Debug|Any CPU
		{89380D4D-DDFB-4F0F-8F4C-5D42D9DA579D}.Debug|Any CPU.Build.0 = Debug|Any CPU
		{89380D4D-DDFB-4F0F-8F4C-5D42D9DA579D}.Debug|x64.ActiveCfg = Debug|x64
		{89380D4D-DDFB-4F0F-8F4C-5D42D9DA579D}.Debug|x64.Build.0 = Debug|x64
		{89380D4D-DDFB-4F0F-8F4C-5D42D9DA579D}.Debug|x86.ActiveCfg = Debug|x86
		{89380D4D-DDFB-4F0F-8F4C-5D42D9DA579D}.Debug|x86.Build.0 = Debug|x86
		{89380D4D-DDFB-4F0F-8F4C-5D42D9DA579D}.ECM_MailMonitor|Any CPU.ActiveCfg = Release|Any CPU
		{89380D4D-DDFB-4F0F-8F4C-5D42D9DA579D}.ECM_MailMonitor|Any CPU.Build.0 = Release|Any CPU
		{89380D4D-DDFB-4F0F-8F4C-5D42D9DA579D}.ECM_MailMonitor|x64.ActiveCfg = Release|x64
		{89380D4D-DDFB-4F0F-8F4C-5D42D9DA579D}.ECM_MailMonitor|x64.Build.0 = Release|x64
		{89380D4D-DDFB-4F0F-8F4C-5D42D9DA579D}.ECM_MailMonitor|x86.ActiveCfg = Release|x86
		{89380D4D-DDFB-4F0F-8F4C-5D42D9DA579D}.ECM_MailMonitor|x86.Build.0 = Release|x86
		{89380D4D-DDFB-4F0F-8F4C-5D42D9DA579D}.Jaime_Rebel|Any CPU.ActiveCfg = Release|Any CPU
		{89380D4D-DDFB-4F0F-8F4C-5D42D9DA579D}.Jaime_Rebel|Any CPU.Build.0 = Release|Any CPU
		{89380D4D-DDFB-4F0F-8F4C-5D42D9DA579D}.Jaime_Rebel|x64.ActiveCfg = Release|x64
		{89380D4D-DDFB-4F0F-8F4C-5D42D9DA579D}.Jaime_Rebel|x64.Build.0 = Release|x64
		{89380D4D-DDFB-4F0F-8F4C-5D42D9DA579D}.Jaime_Rebel|x86.ActiveCfg = Release|x86
		{89380D4D-DDFB-4F0F-8F4C-5D42D9DA579D}.Jaime_Rebel|x86.Build.0 = Release|x86
		{89380D4D-DDFB-4F0F-8F4C-5D42D9DA579D}.ProductionRelease|Any CPU.ActiveCfg = Release|Any CPU
		{89380D4D-DDFB-4F0F-8F4C-5D42D9DA579D}.ProductionRelease|Any CPU.Build.0 = Release|Any CPU
		{89380D4D-DDFB-4F0F-8F4C-5D42D9DA579D}.ProductionRelease|x64.ActiveCfg = Release|x64
		{89380D4D-DDFB-4F0F-8F4C-5D42D9DA579D}.ProductionRelease|x64.Build.0 = Release|x64
		{89380D4D-DDFB-4F0F-8F4C-5D42D9DA579D}.ProductionRelease|x86.ActiveCfg = Release|x86
		{89380D4D-DDFB-4F0F-8F4C-5D42D9DA579D}.ProductionRelease|x86.Build.0 = Release|x86
		{89380D4D-DDFB-4F0F-8F4C-5D42D9DA579D}.Release|Any CPU.ActiveCfg = Release|Any CPU
		{89380D4D-DDFB-4F0F-8F4C-5D42D9DA579D}.Release|Any CPU.Build.0 = Release|Any CPU
		{89380D4D-DDFB-4F0F-8F4C-5D42D9DA579D}.Release|x64.ActiveCfg = Release|x64
		{89380D4D-DDFB-4F0F-8F4C-5D42D9DA579D}.Release|x64.Build.0 = Release|x64
		{89380D4D-DDFB-4F0F-8F4C-5D42D9DA579D}.Release|x86.ActiveCfg = Release|x86
		{89380D4D-DDFB-4F0F-8F4C-5D42D9DA579D}.Release|x86.Build.0 = Release|x86
		{5BDF93E6-83AA-4251-BDAD-38F466714B41}.Debug|Any CPU.ActiveCfg = Debug|Any CPU
		{5BDF93E6-83AA-4251-BDAD-38F466714B41}.Debug|Any CPU.Build.0 = Debug|Any CPU
		{5BDF93E6-83AA-4251-BDAD-38F466714B41}.Debug|x64.ActiveCfg = Debug|x64
		{5BDF93E6-83AA-4251-BDAD-38F466714B41}.Debug|x64.Build.0 = Debug|x64
		{5BDF93E6-83AA-4251-BDAD-38F466714B41}.Debug|x86.ActiveCfg = Debug|x86
		{5BDF93E6-83AA-4251-BDAD-38F466714B41}.Debug|x86.Build.0 = Debug|x86
		{5BDF93E6-83AA-4251-BDAD-38F466714B41}.ECM_MailMonitor|Any CPU.ActiveCfg = Release|Any CPU
		{5BDF93E6-83AA-4251-BDAD-38F466714B41}.ECM_MailMonitor|Any CPU.Build.0 = Release|Any CPU
		{5BDF93E6-83AA-4251-BDAD-38F466714B41}.ECM_MailMonitor|x64.ActiveCfg = Release|x64
		{5BDF93E6-83AA-4251-BDAD-38F466714B41}.ECM_MailMonitor|x64.Build.0 = Release|x64
		{5BDF93E6-83AA-4251-BDAD-38F466714B41}.ECM_MailMonitor|x86.ActiveCfg = Release|x86
		{5BDF93E6-83AA-4251-BDAD-38F466714B41}.ECM_MailMonitor|x86.Build.0 = Release|x86
		{5BDF93E6-83AA-4251-BDAD-38F466714B41}.Jaime_Rebel|Any CPU.ActiveCfg = Release|Any CPU
		{5BDF93E6-83AA-4251-BDAD-38F466714B41}.Jaime_Rebel|Any CPU.Build.0 = Release|Any CPU
		{5BDF93E6-83AA-4251-BDAD-38F466714B41}.Jaime_Rebel|x64.ActiveCfg = Release|x64
		{5BDF93E6-83AA-4251-BDAD-38F466714B41}.Jaime_Rebel|x64.Build.0 = Release|x64
		{5BDF93E6-83AA-4251-BDAD-38F466714B41}.Jaime_Rebel|x86.ActiveCfg = Release|x86
		{5BDF93E6-83AA-4251-BDAD-38F466714B41}.Jaime_Rebel|x86.Build.0 = Release|x86
		{5BDF93E6-83AA-4251-BDAD-38F466714B41}.ProductionRelease|Any CPU.ActiveCfg = Release|Any CPU
		{5BDF93E6-83AA-4251-BDAD-38F466714B41}.ProductionRelease|Any CPU.Build.0 = Release|Any CPU
		{5BDF93E6-83AA-4251-BDAD-38F466714B41}.ProductionRelease|x64.ActiveCfg = Release|x64
		{5BDF93E6-83AA-4251-BDAD-38F466714B41}.ProductionRelease|x64.Build.0 = Release|x64
		{5BDF93E6-83AA-4251-BDAD-38F466714B41}.ProductionRelease|x86.ActiveCfg = Release|x86
		{5BDF93E6-83AA-4251-BDAD-38F466714B41}.ProductionRelease|x86.Build.0 = Release|x86
		{5BDF93E6-83AA-4251-BDAD-38F466714B41}.Release|Any CPU.ActiveCfg = Release|Any CPU
		{5BDF93E6-83AA-4251-BDAD-38F466714B41}.Release|Any CPU.Build.0 = Release|Any CPU
		{5BDF93E6-83AA-4251-BDAD-38F466714B41}.Release|x64.ActiveCfg = Release|x64
		{5BDF93E6-83AA-4251-BDAD-38F466714B41}.Release|x64.Build.0 = Release|x64
		{5BDF93E6-83AA-4251-BDAD-38F466714B41}.Release|x86.ActiveCfg = Release|x86
		{5BDF93E6-83AA-4251-BDAD-38F466714B41}.Release|x86.Build.0 = Release|x86
		{05913FB9-6F34-4863-A2F3-0A875A4908FF}.Debug|Any CPU.ActiveCfg = Debug|Any CPU
		{05913FB9-6F34-4863-A2F3-0A875A4908FF}.Debug|Any CPU.Build.0 = Debug|Any CPU
		{05913FB9-6F34-4863-A2F3-0A875A4908FF}.Debug|x64.ActiveCfg = Debug|x64
		{05913FB9-6F34-4863-A2F3-0A875A4908FF}.Debug|x64.Build.0 = Debug|x64
		{05913FB9-6F34-4863-A2F3-0A875A4908FF}.Debug|x86.ActiveCfg = Debug|x86
		{05913FB9-6F34-4863-A2F3-0A875A4908FF}.Debug|x86.Build.0 = Debug|x86
		{05913FB9-6F34-4863-A2F3-0A875A4908FF}.ECM_MailMonitor|Any CPU.ActiveCfg = Release|Any CPU
		{05913FB9-6F34-4863-A2F3-0A875A4908FF}.ECM_MailMonitor|Any CPU.Build.0 = Release|Any CPU
		{05913FB9-6F34-4863-A2F3-0A875A4908FF}.ECM_MailMonitor|x64.ActiveCfg = Release|x64
		{05913FB9-6F34-4863-A2F3-0A875A4908FF}.ECM_MailMonitor|x64.Build.0 = Release|x64
		{05913FB9-6F34-4863-A2F3-0A875A4908FF}.ECM_MailMonitor|x86.ActiveCfg = Release|x86
		{05913FB9-6F34-4863-A2F3-0A875A4908FF}.ECM_MailMonitor|x86.Build.0 = Release|x86
		{05913FB9-6F34-4863-A2F3-0A875A4908FF}.Jaime_Rebel|Any CPU.ActiveCfg = Release|Any CPU
		{05913FB9-6F34-4863-A2F3-0A875A4908FF}.Jaime_Rebel|Any CPU.Build.0 = Release|Any CPU
		{05913FB9-6F34-4863-A2F3-0A875A4908FF}.Jaime_Rebel|x64.ActiveCfg = Release|x64
		{05913FB9-6F34-4863-A2F3-0A875A4908FF}.Jaime_Rebel|x64.Build.0 = Release|x64
		{05913FB9-6F34-4863-A2F3-0A875A4908FF}.Jaime_Rebel|x86.ActiveCfg = Release|x86
		{05913FB9-6F34-4863-A2F3-0A875A4908FF}.Jaime_Rebel|x86.Build.0 = Release|x86
		{05913FB9-6F34-4863-A2F3-0A875A4908FF}.ProductionRelease|Any CPU.ActiveCfg = Release|Any CPU
		{05913FB9-6F34-4863-A2F3-0A875A4908FF}.ProductionRelease|Any CPU.Build.0 = Release|Any CPU
		{05913FB9-6F34-4863-A2F3-0A875A4908FF}.ProductionRelease|x64.ActiveCfg = Release|x64
		{05913FB9-6F34-4863-A2F3-0A875A4908FF}.ProductionRelease|x64.Build.0 = Release|x64
		{05913FB9-6F34-4863-A2F3-0A875A4908FF}.ProductionRelease|x86.ActiveCfg = Release|x86
		{05913FB9-6F34-4863-A2F3-0A875A4908FF}.ProductionRelease|x86.Build.0 = Release|x86
		{05913FB9-6F34-4863-A2F3-0A875A4908FF}.Release|Any CPU.ActiveCfg = Release|Any CPU
		{05913FB9-6F34-4863-A2F3-0A875A4908FF}.Release|Any CPU.Build.0 = Release|Any CPU
		{05913FB9-6F34-4863-A2F3-0A875A4908FF}.Release|x64.ActiveCfg = Release|x64
		{05913FB9-6F34-4863-A2F3-0A875A4908FF}.Release|x64.Build.0 = Release|x64
		{05913FB9-6F34-4863-A2F3-0A875A4908FF}.Release|x86.ActiveCfg = Release|x86
		{05913FB9-6F34-4863-A2F3-0A875A4908FF}.Release|x86.Build.0 = Release|x86
	EndGlobalSection
	GlobalSection(SolutionProperties) = preSolution
		HideSolutionNode = FALSE
	EndGlobalSection
EndGlobal
