
Microsoft Visual Studio Solution File, Format Version 12.00
# Visual Studio 2012
Project("{FAE04EC0-301F-11D3-BF4B-00C04F79EFBC}") = "FtpFileGrabber", "FtpFileGrabber.csproj", "{8E23FA08-A4BF-4214-ABF2-E3A539461DA3}"
EndProject
Project("{FAE04EC0-301F-11D3-BF4B-00C04F79EFBC}") = "FileParser", "..\..\Business\MarketManagement\EdiParser\FileParser\FileParser.csproj", "{CE2FBCF2-E91B-47C8-BAA9-7ABE67477984}"
EndProject
Project("{FAE04EC0-301F-11D3-BF4B-00C04F79EFBC}") = "TransactionsSql", "..\..\DataAccess\SqlAccess\TransactionsSql\TransactionsSql.csproj", "{2B0CEAF2-6CE6-4909-A797-A24EFD55C130}"
EndProject
Project("{FAE04EC0-301F-11D3-BF4B-00C04F79EFBC}") = "UsageManagement", "..\..\Business\MarketManagement\UsageManagement\UsageManagement.csproj", "{942F6C2E-682C-4D9B-9D6B-0B2062A43C70}"
EndProject
Project("{FAE04EC0-301F-11D3-BF4B-00C04F79EFBC}") = "UtilityManagement", "..\..\Business\MarketManagement\UtilityManagement\UtilityManagement.csproj", "{98086321-A541-4063-872B-62FA3A691B24}"
EndProject
Project("{FAE04EC0-301F-11D3-BF4B-00C04F79EFBC}") = "IstaSql", "..\..\DataAccess\SqlAccess\IstaSql\IstaSql.csproj", "{C0897342-C763-4B4A-9770-384507B7CFE0}"
EndProject
Global
	GlobalSection(TeamFoundationVersionControl) = preSolution
		SccNumberOfProjects = 7
		SccEnterpriseProvider = {4CA58AB2-18FA-4F8D-95D4-32DDF27D184C}
		SccTeamFoundationServer = http://lpcnocapptfs1:8080/tfs/lpcollection
		SccLocalPath0 = .
		SccProjectUniqueName1 = ..\\..\\Business\\MarketManagement\\EdiParser\\FileParser\\FileParser.csproj
		SccProjectName1 = ../../Business/MarketManagement/EdiParser/FileParser
		SccLocalPath1 = ..\\..\\Business\\MarketManagement\\EdiParser\\FileParser
		SccProjectUniqueName2 = FtpFileGrabber.csproj
		SccLocalPath2 = .
		SccProjectUniqueName3 = ..\\..\\DataAccess\\SqlAccess\\TransactionsSql\\TransactionsSql.csproj
		SccProjectName3 = ../../DataAccess/SqlAccess/TransactionsSql
		SccLocalPath3 = ..\\..\\DataAccess\\SqlAccess\\TransactionsSql
		SccProjectUniqueName4 = ..\\..\\Business\\MarketManagement\\UsageManagement\\UsageManagement.csproj
		SccProjectName4 = ../../Business/MarketManagement/UsageManagement
		SccLocalPath4 = ..\\..\\Business\\MarketManagement\\UsageManagement
		SccProjectUniqueName5 = ..\\..\\Business\\MarketManagement\\UtilityManagement\\UtilityManagement.csproj
		SccProjectName5 = ../../Business/MarketManagement/UtilityManagement
		SccLocalPath5 = ..\\..\\Business\\MarketManagement\\UtilityManagement
		SccProjectUniqueName6 = ..\\..\\DataAccess\\SqlAccess\\IstaSql\\IstaSql.csproj
		SccProjectName6 = ../../DataAccess/SqlAccess/IstaSql
		SccLocalPath6 = ..\\..\\DataAccess\\SqlAccess\\IstaSql
	EndGlobalSection
	GlobalSection(SolutionConfigurationPlatforms) = preSolution
		Debug|Any CPU = Debug|Any CPU
		Debug|x64 = Debug|x64
		Debug|x86 = Debug|x86
		Jaime_Rebel|Any CPU = Jaime_Rebel|Any CPU
		Jaime_Rebel|x64 = Jaime_Rebel|x64
		Jaime_Rebel|x86 = Jaime_Rebel|x86
		Release|Any CPU = Release|Any CPU
		Release|x64 = Release|x64
		Release|x86 = Release|x86
	EndGlobalSection
	GlobalSection(ProjectConfigurationPlatforms) = postSolution
		{8E23FA08-A4BF-4214-ABF2-E3A539461DA3}.Debug|Any CPU.ActiveCfg = Debug|Any CPU
		{8E23FA08-A4BF-4214-ABF2-E3A539461DA3}.Debug|Any CPU.Build.0 = Debug|Any CPU
		{8E23FA08-A4BF-4214-ABF2-E3A539461DA3}.Debug|x64.ActiveCfg = Debug|Any CPU
		{8E23FA08-A4BF-4214-ABF2-E3A539461DA3}.Debug|x86.ActiveCfg = Debug|Any CPU
		{8E23FA08-A4BF-4214-ABF2-E3A539461DA3}.Jaime_Rebel|Any CPU.ActiveCfg = Release|Any CPU
		{8E23FA08-A4BF-4214-ABF2-E3A539461DA3}.Jaime_Rebel|Any CPU.Build.0 = Release|Any CPU
		{8E23FA08-A4BF-4214-ABF2-E3A539461DA3}.Jaime_Rebel|x64.ActiveCfg = Release|Any CPU
		{8E23FA08-A4BF-4214-ABF2-E3A539461DA3}.Jaime_Rebel|x86.ActiveCfg = Release|Any CPU
		{8E23FA08-A4BF-4214-ABF2-E3A539461DA3}.Release|Any CPU.ActiveCfg = Release|Any CPU
		{8E23FA08-A4BF-4214-ABF2-E3A539461DA3}.Release|Any CPU.Build.0 = Release|Any CPU
		{8E23FA08-A4BF-4214-ABF2-E3A539461DA3}.Release|x64.ActiveCfg = Release|Any CPU
		{8E23FA08-A4BF-4214-ABF2-E3A539461DA3}.Release|x86.ActiveCfg = Release|Any CPU
		{CE2FBCF2-E91B-47C8-BAA9-7ABE67477984}.Debug|Any CPU.ActiveCfg = Debug|Any CPU
		{CE2FBCF2-E91B-47C8-BAA9-7ABE67477984}.Debug|Any CPU.Build.0 = Debug|Any CPU
		{CE2FBCF2-E91B-47C8-BAA9-7ABE67477984}.Debug|x64.ActiveCfg = Debug|x64
		{CE2FBCF2-E91B-47C8-BAA9-7ABE67477984}.Debug|x64.Build.0 = Debug|x64
		{CE2FBCF2-E91B-47C8-BAA9-7ABE67477984}.Debug|x86.ActiveCfg = Debug|x86
		{CE2FBCF2-E91B-47C8-BAA9-7ABE67477984}.Debug|x86.Build.0 = Debug|x86
		{CE2FBCF2-E91B-47C8-BAA9-7ABE67477984}.Jaime_Rebel|Any CPU.ActiveCfg = Jaime_Rebel|Any CPU
		{CE2FBCF2-E91B-47C8-BAA9-7ABE67477984}.Jaime_Rebel|Any CPU.Build.0 = Jaime_Rebel|Any CPU
		{CE2FBCF2-E91B-47C8-BAA9-7ABE67477984}.Jaime_Rebel|x64.ActiveCfg = Jaime_Rebel|x64
		{CE2FBCF2-E91B-47C8-BAA9-7ABE67477984}.Jaime_Rebel|x64.Build.0 = Jaime_Rebel|x64
		{CE2FBCF2-E91B-47C8-BAA9-7ABE67477984}.Jaime_Rebel|x86.ActiveCfg = Jaime_Rebel|x86
		{CE2FBCF2-E91B-47C8-BAA9-7ABE67477984}.Jaime_Rebel|x86.Build.0 = Jaime_Rebel|x86
		{CE2FBCF2-E91B-47C8-BAA9-7ABE67477984}.Release|Any CPU.ActiveCfg = Release|Any CPU
		{CE2FBCF2-E91B-47C8-BAA9-7ABE67477984}.Release|Any CPU.Build.0 = Release|Any CPU
		{CE2FBCF2-E91B-47C8-BAA9-7ABE67477984}.Release|x64.ActiveCfg = Release|x64
		{CE2FBCF2-E91B-47C8-BAA9-7ABE67477984}.Release|x64.Build.0 = Release|x64
		{CE2FBCF2-E91B-47C8-BAA9-7ABE67477984}.Release|x86.ActiveCfg = Release|x86
		{CE2FBCF2-E91B-47C8-BAA9-7ABE67477984}.Release|x86.Build.0 = Release|x86
		{2B0CEAF2-6CE6-4909-A797-A24EFD55C130}.Debug|Any CPU.ActiveCfg = Debug|Any CPU
		{2B0CEAF2-6CE6-4909-A797-A24EFD55C130}.Debug|Any CPU.Build.0 = Debug|Any CPU
		{2B0CEAF2-6CE6-4909-A797-A24EFD55C130}.Debug|x64.ActiveCfg = Debug|x64
		{2B0CEAF2-6CE6-4909-A797-A24EFD55C130}.Debug|x64.Build.0 = Debug|x64
		{2B0CEAF2-6CE6-4909-A797-A24EFD55C130}.Debug|x86.ActiveCfg = Debug|x86
		{2B0CEAF2-6CE6-4909-A797-A24EFD55C130}.Debug|x86.Build.0 = Debug|x86
		{2B0CEAF2-6CE6-4909-A797-A24EFD55C130}.Jaime_Rebel|Any CPU.ActiveCfg = Jaime_Rebel|Any CPU
		{2B0CEAF2-6CE6-4909-A797-A24EFD55C130}.Jaime_Rebel|Any CPU.Build.0 = Jaime_Rebel|Any CPU
		{2B0CEAF2-6CE6-4909-A797-A24EFD55C130}.Jaime_Rebel|x64.ActiveCfg = Jaime_Rebel|x64
		{2B0CEAF2-6CE6-4909-A797-A24EFD55C130}.Jaime_Rebel|x64.Build.0 = Jaime_Rebel|x64
		{2B0CEAF2-6CE6-4909-A797-A24EFD55C130}.Jaime_Rebel|x86.ActiveCfg = Jaime_Rebel|x86
		{2B0CEAF2-6CE6-4909-A797-A24EFD55C130}.Jaime_Rebel|x86.Build.0 = Jaime_Rebel|x86
		{2B0CEAF2-6CE6-4909-A797-A24EFD55C130}.Release|Any CPU.ActiveCfg = Release|Any CPU
		{2B0CEAF2-6CE6-4909-A797-A24EFD55C130}.Release|Any CPU.Build.0 = Release|Any CPU
		{2B0CEAF2-6CE6-4909-A797-A24EFD55C130}.Release|x64.ActiveCfg = Release|x64
		{2B0CEAF2-6CE6-4909-A797-A24EFD55C130}.Release|x64.Build.0 = Release|x64
		{2B0CEAF2-6CE6-4909-A797-A24EFD55C130}.Release|x86.ActiveCfg = Release|x86
		{2B0CEAF2-6CE6-4909-A797-A24EFD55C130}.Release|x86.Build.0 = Release|x86
		{942F6C2E-682C-4D9B-9D6B-0B2062A43C70}.Debug|Any CPU.ActiveCfg = Debug|Any CPU
		{942F6C2E-682C-4D9B-9D6B-0B2062A43C70}.Debug|Any CPU.Build.0 = Debug|Any CPU
		{942F6C2E-682C-4D9B-9D6B-0B2062A43C70}.Debug|x64.ActiveCfg = Debug|x64
		{942F6C2E-682C-4D9B-9D6B-0B2062A43C70}.Debug|x64.Build.0 = Debug|x64
		{942F6C2E-682C-4D9B-9D6B-0B2062A43C70}.Debug|x86.ActiveCfg = Debug|x86
		{942F6C2E-682C-4D9B-9D6B-0B2062A43C70}.Debug|x86.Build.0 = Debug|x86
		{942F6C2E-682C-4D9B-9D6B-0B2062A43C70}.Jaime_Rebel|Any CPU.ActiveCfg = Release|Any CPU
		{942F6C2E-682C-4D9B-9D6B-0B2062A43C70}.Jaime_Rebel|Any CPU.Build.0 = Release|Any CPU
		{942F6C2E-682C-4D9B-9D6B-0B2062A43C70}.Jaime_Rebel|x64.ActiveCfg = Release|x64
		{942F6C2E-682C-4D9B-9D6B-0B2062A43C70}.Jaime_Rebel|x64.Build.0 = Release|x64
		{942F6C2E-682C-4D9B-9D6B-0B2062A43C70}.Jaime_Rebel|x86.ActiveCfg = Release|x86
		{942F6C2E-682C-4D9B-9D6B-0B2062A43C70}.Jaime_Rebel|x86.Build.0 = Release|x86
		{942F6C2E-682C-4D9B-9D6B-0B2062A43C70}.Release|Any CPU.ActiveCfg = Release|Any CPU
		{942F6C2E-682C-4D9B-9D6B-0B2062A43C70}.Release|Any CPU.Build.0 = Release|Any CPU
		{942F6C2E-682C-4D9B-9D6B-0B2062A43C70}.Release|x64.ActiveCfg = Release|x64
		{942F6C2E-682C-4D9B-9D6B-0B2062A43C70}.Release|x64.Build.0 = Release|x64
		{942F6C2E-682C-4D9B-9D6B-0B2062A43C70}.Release|x86.ActiveCfg = Release|x86
		{942F6C2E-682C-4D9B-9D6B-0B2062A43C70}.Release|x86.Build.0 = Release|x86
		{98086321-A541-4063-872B-62FA3A691B24}.Debug|Any CPU.ActiveCfg = Debug|Any CPU
		{98086321-A541-4063-872B-62FA3A691B24}.Debug|Any CPU.Build.0 = Debug|Any CPU
		{98086321-A541-4063-872B-62FA3A691B24}.Debug|x64.ActiveCfg = Debug|x64
		{98086321-A541-4063-872B-62FA3A691B24}.Debug|x64.Build.0 = Debug|x64
		{98086321-A541-4063-872B-62FA3A691B24}.Debug|x86.ActiveCfg = Debug|x86
		{98086321-A541-4063-872B-62FA3A691B24}.Debug|x86.Build.0 = Debug|x86
		{98086321-A541-4063-872B-62FA3A691B24}.Jaime_Rebel|Any CPU.ActiveCfg = Release|Any CPU
		{98086321-A541-4063-872B-62FA3A691B24}.Jaime_Rebel|Any CPU.Build.0 = Release|Any CPU
		{98086321-A541-4063-872B-62FA3A691B24}.Jaime_Rebel|x64.ActiveCfg = Release|x64
		{98086321-A541-4063-872B-62FA3A691B24}.Jaime_Rebel|x64.Build.0 = Release|x64
		{98086321-A541-4063-872B-62FA3A691B24}.Jaime_Rebel|x86.ActiveCfg = Release|x86
		{98086321-A541-4063-872B-62FA3A691B24}.Jaime_Rebel|x86.Build.0 = Release|x86
		{98086321-A541-4063-872B-62FA3A691B24}.Release|Any CPU.ActiveCfg = Release|Any CPU
		{98086321-A541-4063-872B-62FA3A691B24}.Release|Any CPU.Build.0 = Release|Any CPU
		{98086321-A541-4063-872B-62FA3A691B24}.Release|x64.ActiveCfg = Release|x64
		{98086321-A541-4063-872B-62FA3A691B24}.Release|x64.Build.0 = Release|x64
		{98086321-A541-4063-872B-62FA3A691B24}.Release|x86.ActiveCfg = Release|x86
		{98086321-A541-4063-872B-62FA3A691B24}.Release|x86.Build.0 = Release|x86
		{C0897342-C763-4B4A-9770-384507B7CFE0}.Debug|Any CPU.ActiveCfg = Debug|Any CPU
		{C0897342-C763-4B4A-9770-384507B7CFE0}.Debug|Any CPU.Build.0 = Debug|Any CPU
		{C0897342-C763-4B4A-9770-384507B7CFE0}.Debug|x64.ActiveCfg = Debug|x64
		{C0897342-C763-4B4A-9770-384507B7CFE0}.Debug|x64.Build.0 = Debug|x64
		{C0897342-C763-4B4A-9770-384507B7CFE0}.Debug|x86.ActiveCfg = Debug|x86
		{C0897342-C763-4B4A-9770-384507B7CFE0}.Debug|x86.Build.0 = Debug|x86
		{C0897342-C763-4B4A-9770-384507B7CFE0}.Jaime_Rebel|Any CPU.ActiveCfg = Release|Any CPU
		{C0897342-C763-4B4A-9770-384507B7CFE0}.Jaime_Rebel|Any CPU.Build.0 = Release|Any CPU
		{C0897342-C763-4B4A-9770-384507B7CFE0}.Jaime_Rebel|x64.ActiveCfg = Release|x64
		{C0897342-C763-4B4A-9770-384507B7CFE0}.Jaime_Rebel|x64.Build.0 = Release|x64
		{C0897342-C763-4B4A-9770-384507B7CFE0}.Jaime_Rebel|x86.ActiveCfg = Release|x86
		{C0897342-C763-4B4A-9770-384507B7CFE0}.Jaime_Rebel|x86.Build.0 = Release|x86
		{C0897342-C763-4B4A-9770-384507B7CFE0}.Release|Any CPU.ActiveCfg = Release|Any CPU
		{C0897342-C763-4B4A-9770-384507B7CFE0}.Release|Any CPU.Build.0 = Release|Any CPU
		{C0897342-C763-4B4A-9770-384507B7CFE0}.Release|x64.ActiveCfg = Release|x64
		{C0897342-C763-4B4A-9770-384507B7CFE0}.Release|x64.Build.0 = Release|x64
		{C0897342-C763-4B4A-9770-384507B7CFE0}.Release|x86.ActiveCfg = Release|x86
		{C0897342-C763-4B4A-9770-384507B7CFE0}.Release|x86.Build.0 = Release|x86
	EndGlobalSection
	GlobalSection(SolutionProperties) = preSolution
		HideSolutionNode = FALSE
	EndGlobalSection
EndGlobal
