
Microsoft Visual Studio Solution File, Format Version 12.00
# Visual Studio 2012
Project("{FAE04EC0-301F-11D3-BF4B-00C04F79EFBC}") = "AnnualUsageService", "AnnualUsageService.csproj", "{DD916F68-4EED-4097-83D5-3B02D169134C}"
	ProjectSection(ProjectDependencies) = postProject
		{D52C8000-3D06-4B23-A6C6-8AE39335E4D1} = {D52C8000-3D06-4B23-A6C6-8AE39335E4D1}
		{98086321-A541-4063-872B-62FA3A691B24} = {98086321-A541-4063-872B-62FA3A691B24}
		{942F6C2E-682C-4D9B-9D6B-0B2062A43C70} = {942F6C2E-682C-4D9B-9D6B-0B2062A43C70}
		{C0897342-C763-4B4A-9770-384507B7CFE0} = {C0897342-C763-4B4A-9770-384507B7CFE0}
		{98EE2193-7E9A-4349-B5C5-A042CE7D35EE} = {98EE2193-7E9A-4349-B5C5-A042CE7D35EE}
		{C9BA20AC-B7EF-4616-A82A-84C0F40F8CD7} = {C9BA20AC-B7EF-4616-A82A-84C0F40F8CD7}
		{05913FB9-6F34-4863-A2F3-0A875A4908FF} = {05913FB9-6F34-4863-A2F3-0A875A4908FF}
		{449573E5-F40B-4FFA-A5BF-F762C1583E6F} = {449573E5-F40B-4FFA-A5BF-F762C1583E6F}
	EndProjectSection
EndProject
Project("{FAE04EC0-301F-11D3-BF4B-00C04F79EFBC}") = "AccountManagement", "..\..\Business\CustomerManagement\AccountManagement\AccountManagement.csproj", "{5BDF93E6-83AA-4251-BDAD-38F466714B41}"
EndProject
Project("{FAE04EC0-301F-11D3-BF4B-00C04F79EFBC}") = "UsageManagement", "..\..\Business\MarketManagement\UsageManagement\UsageManagement.csproj", "{942F6C2E-682C-4D9B-9D6B-0B2062A43C70}"
EndProject
Project("{FAE04EC0-301F-11D3-BF4B-00C04F79EFBC}") = "UtilityManagement", "..\..\Business\MarketManagement\UtilityManagement\UtilityManagement.csproj", "{98086321-A541-4063-872B-62FA3A691B24}"
EndProject
Project("{FAE04EC0-301F-11D3-BF4B-00C04F79EFBC}") = "LibertyPowerSql", "..\..\DataAccess\SqlAccess\LibertyPowerSql\LibertyPowerSql.csproj", "{05913FB9-6F34-4863-A2F3-0A875A4908FF}"
EndProject
Project("{FAE04EC0-301F-11D3-BF4B-00C04F79EFBC}") = "ProductManagement", "..\..\Business\CustomerAcquisition\ProductManagement\ProductManagement.csproj", "{D52C8000-3D06-4B23-A6C6-8AE39335E4D1}"
EndProject
Project("{FAE04EC0-301F-11D3-BF4B-00C04F79EFBC}") = "ProspectManagement", "..\..\Business\CustomerAcquisition\ProspectManagement\ProspectManagement.csproj", "{449573E5-F40B-4FFA-A5BF-F762C1583E6F}"
EndProject
Project("{FAE04EC0-301F-11D3-BF4B-00C04F79EFBC}") = "IstaWebService", "..\IstaService\IstaWebService.csproj", "{98EE2193-7E9A-4349-B5C5-A042CE7D35EE}"
EndProject
Project("{FAE04EC0-301F-11D3-BF4B-00C04F79EFBC}") = "IstaSql", "..\..\DataAccess\SqlAccess\IstaSql\IstaSql.csproj", "{C0897342-C763-4B4A-9770-384507B7CFE0}"
EndProject
Project("{FAE04EC0-301F-11D3-BF4B-00C04F79EFBC}") = "CustomerManagementEF", "..\..\DataAccess\SqlAccess\CustomerManagementEF\CustomerManagementEF.csproj", "{C9BA20AC-B7EF-4616-A82A-84C0F40F8CD7}"
EndProject
Project("{FAE04EC0-301F-11D3-BF4B-00C04F79EFBC}") = "TransactionsSql", "..\..\DataAccess\SqlAccess\TransactionsSql\TransactionsSql.csproj", "{2B0CEAF2-6CE6-4909-A797-A24EFD55C130}"
EndProject
Global
	GlobalSection(TeamFoundationVersionControl) = preSolution
		SccNumberOfProjects = 12
		SccEnterpriseProvider = {4CA58AB2-18FA-4F8D-95D4-32DDF27D184C}
		SccTeamFoundationServer = http://lpcnocapptfs1:8080/tfs/lpcollection
		SccLocalPath0 = .
		SccProjectUniqueName1 = AnnualUsageService.csproj
		SccLocalPath1 = .
		SccProjectUniqueName2 = ..\\..\\Business\\CustomerManagement\\AccountManagement\\AccountManagement.csproj
		SccProjectName2 = ../../Business/CustomerManagement/AccountManagement
		SccLocalPath2 = ..\\..\\Business\\CustomerManagement\\AccountManagement
		SccProjectUniqueName3 = ..\\..\\Business\\MarketManagement\\UsageManagement\\UsageManagement.csproj
		SccProjectName3 = ../../Business/MarketManagement/UsageManagement
		SccLocalPath3 = ..\\..\\Business\\MarketManagement\\UsageManagement
		SccProjectUniqueName4 = ..\\..\\Business\\MarketManagement\\UtilityManagement\\UtilityManagement.csproj
		SccProjectName4 = ../../Business/MarketManagement/UtilityManagement
		SccLocalPath4 = ..\\..\\Business\\MarketManagement\\UtilityManagement
		SccProjectUniqueName5 = ..\\..\\DataAccess\\SqlAccess\\LibertyPowerSql\\LibertyPowerSql.csproj
		SccProjectName5 = ../../DataAccess/SqlAccess/LibertyPowerSql
		SccLocalPath5 = ..\\..\\DataAccess\\SqlAccess\\LibertyPowerSql
		SccProjectUniqueName6 = ..\\..\\Business\\CustomerAcquisition\\ProductManagement\\ProductManagement.csproj
		SccProjectName6 = ../../Business/CustomerAcquisition/ProductManagement
		SccLocalPath6 = ..\\..\\Business\\CustomerAcquisition\\ProductManagement
		SccProjectUniqueName7 = ..\\..\\Business\\CustomerAcquisition\\ProspectManagement\\ProspectManagement.csproj
		SccProjectName7 = ../../Business/CustomerAcquisition/ProspectManagement
		SccLocalPath7 = ..\\..\\Business\\CustomerAcquisition\\ProspectManagement
		SccProjectUniqueName8 = ..\\IstaService\\IstaWebService.csproj
		SccProjectName8 = ../IstaService
		SccLocalPath8 = ..\\IstaService
		SccProjectUniqueName9 = ..\\..\\DataAccess\\SqlAccess\\IstaSql\\IstaSql.csproj
		SccProjectName9 = ../../DataAccess/SqlAccess/IstaSql
		SccLocalPath9 = ..\\..\\DataAccess\\SqlAccess\\IstaSql
		SccProjectUniqueName10 = ..\\..\\DataAccess\\SqlAccess\\CustomerManagementEF\\CustomerManagementEF.csproj
		SccProjectName10 = ../../DataAccess/SqlAccess/CustomerManagementEF
		SccLocalPath10 = ..\\..\\DataAccess\\SqlAccess\\CustomerManagementEF
		SccProjectUniqueName11 = ..\\..\\DataAccess\\SqlAccess\\TransactionsSql\\TransactionsSql.csproj
		SccProjectName11 = ../../DataAccess/SqlAccess/TransactionsSql
		SccLocalPath11 = ..\\..\\DataAccess\\SqlAccess\\TransactionsSql
	EndGlobalSection
	GlobalSection(SolutionConfigurationPlatforms) = preSolution
		Debug|Any CPU = Debug|Any CPU
		Debug|x64 = Debug|x64
		Debug|x86 = Debug|x86
		ECM_MailMonitor|Any CPU = ECM_MailMonitor|Any CPU
		ECM_MailMonitor|x64 = ECM_MailMonitor|x64
		ECM_MailMonitor|x86 = ECM_MailMonitor|x86
		Jaime_Rebel|Any CPU = Jaime_Rebel|Any CPU
		Jaime_Rebel|x64 = Jaime_Rebel|x64
		Jaime_Rebel|x86 = Jaime_Rebel|x86
		ProductionRelease|Any CPU = ProductionRelease|Any CPU
		ProductionRelease|x64 = ProductionRelease|x64
		ProductionRelease|x86 = ProductionRelease|x86
		Release|Any CPU = Release|Any CPU
		Release|x64 = Release|x64
		Release|x86 = Release|x86
	EndGlobalSection
	GlobalSection(ProjectConfigurationPlatforms) = postSolution
		{DD916F68-4EED-4097-83D5-3B02D169134C}.Debug|Any CPU.ActiveCfg = Debug|Any CPU
		{DD916F68-4EED-4097-83D5-3B02D169134C}.Debug|Any CPU.Build.0 = Debug|Any CPU
		{DD916F68-4EED-4097-83D5-3B02D169134C}.Debug|x64.ActiveCfg = Debug|Any CPU
		{DD916F68-4EED-4097-83D5-3B02D169134C}.Debug|x86.ActiveCfg = Debug|Any CPU
		{DD916F68-4EED-4097-83D5-3B02D169134C}.ECM_MailMonitor|Any CPU.ActiveCfg = Release|Any CPU
		{DD916F68-4EED-4097-83D5-3B02D169134C}.ECM_MailMonitor|Any CPU.Build.0 = Release|Any CPU
		{DD916F68-4EED-4097-83D5-3B02D169134C}.ECM_MailMonitor|x64.ActiveCfg = Release|Any CPU
		{DD916F68-4EED-4097-83D5-3B02D169134C}.ECM_MailMonitor|x86.ActiveCfg = Release|Any CPU
		{DD916F68-4EED-4097-83D5-3B02D169134C}.Jaime_Rebel|Any CPU.ActiveCfg = Release|Any CPU
		{DD916F68-4EED-4097-83D5-3B02D169134C}.Jaime_Rebel|Any CPU.Build.0 = Release|Any CPU
		{DD916F68-4EED-4097-83D5-3B02D169134C}.Jaime_Rebel|x64.ActiveCfg = Release|Any CPU
		{DD916F68-4EED-4097-83D5-3B02D169134C}.Jaime_Rebel|x86.ActiveCfg = Release|Any CPU
		{DD916F68-4EED-4097-83D5-3B02D169134C}.ProductionRelease|Any CPU.ActiveCfg = Release|Any CPU
		{DD916F68-4EED-4097-83D5-3B02D169134C}.ProductionRelease|Any CPU.Build.0 = Release|Any CPU
		{DD916F68-4EED-4097-83D5-3B02D169134C}.ProductionRelease|x64.ActiveCfg = Release|Any CPU
		{DD916F68-4EED-4097-83D5-3B02D169134C}.ProductionRelease|x86.ActiveCfg = Release|Any CPU
		{DD916F68-4EED-4097-83D5-3B02D169134C}.Release|Any CPU.ActiveCfg = Release|Any CPU
		{DD916F68-4EED-4097-83D5-3B02D169134C}.Release|Any CPU.Build.0 = Release|Any CPU
		{DD916F68-4EED-4097-83D5-3B02D169134C}.Release|x64.ActiveCfg = Release|Any CPU
		{DD916F68-4EED-4097-83D5-3B02D169134C}.Release|x86.ActiveCfg = Release|Any CPU
		{5BDF93E6-83AA-4251-BDAD-38F466714B41}.Debug|Any CPU.ActiveCfg = Debug|Any CPU
		{5BDF93E6-83AA-4251-BDAD-38F466714B41}.Debug|Any CPU.Build.0 = Debug|Any CPU
		{5BDF93E6-83AA-4251-BDAD-38F466714B41}.Debug|x64.ActiveCfg = Debug|x64
		{5BDF93E6-83AA-4251-BDAD-38F466714B41}.Debug|x64.Build.0 = Debug|x64
		{5BDF93E6-83AA-4251-BDAD-38F466714B41}.Debug|x86.ActiveCfg = Debug|x86
		{5BDF93E6-83AA-4251-BDAD-38F466714B41}.Debug|x86.Build.0 = Debug|x86
		{5BDF93E6-83AA-4251-BDAD-38F466714B41}.ECM_MailMonitor|Any CPU.ActiveCfg = Release|Any CPU
		{5BDF93E6-83AA-4251-BDAD-38F466714B41}.ECM_MailMonitor|Any CPU.Build.0 = Release|Any CPU
		{5BDF93E6-83AA-4251-BDAD-38F466714B41}.ECM_MailMonitor|x64.ActiveCfg = Release|x64
		{5BDF93E6-83AA-4251-BDAD-38F466714B41}.ECM_MailMonitor|x64.Build.0 = Release|x64
		{5BDF93E6-83AA-4251-BDAD-38F466714B41}.ECM_MailMonitor|x86.ActiveCfg = Release|x86
		{5BDF93E6-83AA-4251-BDAD-38F466714B41}.ECM_MailMonitor|x86.Build.0 = Release|x86
		{5BDF93E6-83AA-4251-BDAD-38F466714B41}.Jaime_Rebel|Any CPU.ActiveCfg = Release|Any CPU
		{5BDF93E6-83AA-4251-BDAD-38F466714B41}.Jaime_Rebel|Any CPU.Build.0 = Release|Any CPU
		{5BDF93E6-83AA-4251-BDAD-38F466714B41}.Jaime_Rebel|x64.ActiveCfg = Release|x64
		{5BDF93E6-83AA-4251-BDAD-38F466714B41}.Jaime_Rebel|x64.Build.0 = Release|x64
		{5BDF93E6-83AA-4251-BDAD-38F466714B41}.Jaime_Rebel|x86.ActiveCfg = Release|x86
		{5BDF93E6-83AA-4251-BDAD-38F466714B41}.Jaime_Rebel|x86.Build.0 = Release|x86
		{5BDF93E6-83AA-4251-BDAD-38F466714B41}.ProductionRelease|Any CPU.ActiveCfg = Release|Any CPU
		{5BDF93E6-83AA-4251-BDAD-38F466714B41}.ProductionRelease|Any CPU.Build.0 = Release|Any CPU
		{5BDF93E6-83AA-4251-BDAD-38F466714B41}.ProductionRelease|x64.ActiveCfg = Release|x64
		{5BDF93E6-83AA-4251-BDAD-38F466714B41}.ProductionRelease|x64.Build.0 = Release|x64
		{5BDF93E6-83AA-4251-BDAD-38F466714B41}.ProductionRelease|x86.ActiveCfg = Release|x86
		{5BDF93E6-83AA-4251-BDAD-38F466714B41}.ProductionRelease|x86.Build.0 = Release|x86
		{5BDF93E6-83AA-4251-BDAD-38F466714B41}.Release|Any CPU.ActiveCfg = Release|Any CPU
		{5BDF93E6-83AA-4251-BDAD-38F466714B41}.Release|Any CPU.Build.0 = Release|Any CPU
		{5BDF93E6-83AA-4251-BDAD-38F466714B41}.Release|x64.ActiveCfg = Release|x64
		{5BDF93E6-83AA-4251-BDAD-38F466714B41}.Release|x64.Build.0 = Release|x64
		{5BDF93E6-83AA-4251-BDAD-38F466714B41}.Release|x86.ActiveCfg = Release|x86
		{5BDF93E6-83AA-4251-BDAD-38F466714B41}.Release|x86.Build.0 = Release|x86
		{942F6C2E-682C-4D9B-9D6B-0B2062A43C70}.Debug|Any CPU.ActiveCfg = Debug|Any CPU
		{942F6C2E-682C-4D9B-9D6B-0B2062A43C70}.Debug|Any CPU.Build.0 = Debug|Any CPU
		{942F6C2E-682C-4D9B-9D6B-0B2062A43C70}.Debug|x64.ActiveCfg = Debug|x64
		{942F6C2E-682C-4D9B-9D6B-0B2062A43C70}.Debug|x64.Build.0 = Debug|x64
		{942F6C2E-682C-4D9B-9D6B-0B2062A43C70}.Debug|x86.ActiveCfg = Debug|x86
		{942F6C2E-682C-4D9B-9D6B-0B2062A43C70}.Debug|x86.Build.0 = Debug|x86
		{942F6C2E-682C-4D9B-9D6B-0B2062A43C70}.ECM_MailMonitor|Any CPU.ActiveCfg = Release|Any CPU
		{942F6C2E-682C-4D9B-9D6B-0B2062A43C70}.ECM_MailMonitor|Any CPU.Build.0 = Release|Any CPU
		{942F6C2E-682C-4D9B-9D6B-0B2062A43C70}.ECM_MailMonitor|x64.ActiveCfg = Release|x64
		{942F6C2E-682C-4D9B-9D6B-0B2062A43C70}.ECM_MailMonitor|x64.Build.0 = Release|x64
		{942F6C2E-682C-4D9B-9D6B-0B2062A43C70}.ECM_MailMonitor|x86.ActiveCfg = Release|x86
		{942F6C2E-682C-4D9B-9D6B-0B2062A43C70}.ECM_MailMonitor|x86.Build.0 = Release|x86
		{942F6C2E-682C-4D9B-9D6B-0B2062A43C70}.Jaime_Rebel|Any CPU.ActiveCfg = Release|Any CPU
		{942F6C2E-682C-4D9B-9D6B-0B2062A43C70}.Jaime_Rebel|Any CPU.Build.0 = Release|Any CPU
		{942F6C2E-682C-4D9B-9D6B-0B2062A43C70}.Jaime_Rebel|x64.ActiveCfg = Release|x64
		{942F6C2E-682C-4D9B-9D6B-0B2062A43C70}.Jaime_Rebel|x64.Build.0 = Release|x64
		{942F6C2E-682C-4D9B-9D6B-0B2062A43C70}.Jaime_Rebel|x86.ActiveCfg = Release|x86
		{942F6C2E-682C-4D9B-9D6B-0B2062A43C70}.Jaime_Rebel|x86.Build.0 = Release|x86
		{942F6C2E-682C-4D9B-9D6B-0B2062A43C70}.ProductionRelease|Any CPU.ActiveCfg = Release|Any CPU
		{942F6C2E-682C-4D9B-9D6B-0B2062A43C70}.ProductionRelease|Any CPU.Build.0 = Release|Any CPU
		{942F6C2E-682C-4D9B-9D6B-0B2062A43C70}.ProductionRelease|x64.ActiveCfg = Release|x64
		{942F6C2E-682C-4D9B-9D6B-0B2062A43C70}.ProductionRelease|x64.Build.0 = Release|x64
		{942F6C2E-682C-4D9B-9D6B-0B2062A43C70}.ProductionRelease|x86.ActiveCfg = Release|x86
		{942F6C2E-682C-4D9B-9D6B-0B2062A43C70}.ProductionRelease|x86.Build.0 = Release|x86
		{942F6C2E-682C-4D9B-9D6B-0B2062A43C70}.Release|Any CPU.ActiveCfg = Release|Any CPU
		{942F6C2E-682C-4D9B-9D6B-0B2062A43C70}.Release|Any CPU.Build.0 = Release|Any CPU
		{942F6C2E-682C-4D9B-9D6B-0B2062A43C70}.Release|x64.ActiveCfg = Release|x64
		{942F6C2E-682C-4D9B-9D6B-0B2062A43C70}.Release|x64.Build.0 = Release|x64
		{942F6C2E-682C-4D9B-9D6B-0B2062A43C70}.Release|x86.ActiveCfg = Release|x86
		{942F6C2E-682C-4D9B-9D6B-0B2062A43C70}.Release|x86.Build.0 = Release|x86
		{98086321-A541-4063-872B-62FA3A691B24}.Debug|Any CPU.ActiveCfg = Debug|Any CPU
		{98086321-A541-4063-872B-62FA3A691B24}.Debug|Any CPU.Build.0 = Debug|Any CPU
		{98086321-A541-4063-872B-62FA3A691B24}.Debug|x64.ActiveCfg = Debug|x64
		{98086321-A541-4063-872B-62FA3A691B24}.Debug|x64.Build.0 = Debug|x64
		{98086321-A541-4063-872B-62FA3A691B24}.Debug|x86.ActiveCfg = Debug|x86
		{98086321-A541-4063-872B-62FA3A691B24}.Debug|x86.Build.0 = Debug|x86
		{98086321-A541-4063-872B-62FA3A691B24}.ECM_MailMonitor|Any CPU.ActiveCfg = Release|Any CPU
		{98086321-A541-4063-872B-62FA3A691B24}.ECM_MailMonitor|Any CPU.Build.0 = Release|Any CPU
		{98086321-A541-4063-872B-62FA3A691B24}.ECM_MailMonitor|x64.ActiveCfg = Release|x64
		{98086321-A541-4063-872B-62FA3A691B24}.ECM_MailMonitor|x64.Build.0 = Release|x64
		{98086321-A541-4063-872B-62FA3A691B24}.ECM_MailMonitor|x86.ActiveCfg = Release|x86
		{98086321-A541-4063-872B-62FA3A691B24}.ECM_MailMonitor|x86.Build.0 = Release|x86
		{98086321-A541-4063-872B-62FA3A691B24}.Jaime_Rebel|Any CPU.ActiveCfg = Release|Any CPU
		{98086321-A541-4063-872B-62FA3A691B24}.Jaime_Rebel|Any CPU.Build.0 = Release|Any CPU
		{98086321-A541-4063-872B-62FA3A691B24}.Jaime_Rebel|x64.ActiveCfg = Release|x64
		{98086321-A541-4063-872B-62FA3A691B24}.Jaime_Rebel|x64.Build.0 = Release|x64
		{98086321-A541-4063-872B-62FA3A691B24}.Jaime_Rebel|x86.ActiveCfg = Release|x86
		{98086321-A541-4063-872B-62FA3A691B24}.Jaime_Rebel|x86.Build.0 = Release|x86
		{98086321-A541-4063-872B-62FA3A691B24}.ProductionRelease|Any CPU.ActiveCfg = Release|Any CPU
		{98086321-A541-4063-872B-62FA3A691B24}.ProductionRelease|Any CPU.Build.0 = Release|Any CPU
		{98086321-A541-4063-872B-62FA3A691B24}.ProductionRelease|x64.ActiveCfg = Release|x64
		{98086321-A541-4063-872B-62FA3A691B24}.ProductionRelease|x64.Build.0 = Release|x64
		{98086321-A541-4063-872B-62FA3A691B24}.ProductionRelease|x86.ActiveCfg = Release|x86
		{98086321-A541-4063-872B-62FA3A691B24}.ProductionRelease|x86.Build.0 = Release|x86
		{98086321-A541-4063-872B-62FA3A691B24}.Release|Any CPU.ActiveCfg = Release|Any CPU
		{98086321-A541-4063-872B-62FA3A691B24}.Release|Any CPU.Build.0 = Release|Any CPU
		{98086321-A541-4063-872B-62FA3A691B24}.Release|x64.ActiveCfg = Release|x64
		{98086321-A541-4063-872B-62FA3A691B24}.Release|x64.Build.0 = Release|x64
		{98086321-A541-4063-872B-62FA3A691B24}.Release|x86.ActiveCfg = Release|x86
		{98086321-A541-4063-872B-62FA3A691B24}.Release|x86.Build.0 = Release|x86
		{05913FB9-6F34-4863-A2F3-0A875A4908FF}.Debug|Any CPU.ActiveCfg = Debug|Any CPU
		{05913FB9-6F34-4863-A2F3-0A875A4908FF}.Debug|Any CPU.Build.0 = Debug|Any CPU
		{05913FB9-6F34-4863-A2F3-0A875A4908FF}.Debug|x64.ActiveCfg = Debug|x64
		{05913FB9-6F34-4863-A2F3-0A875A4908FF}.Debug|x64.Build.0 = Debug|x64
		{05913FB9-6F34-4863-A2F3-0A875A4908FF}.Debug|x86.ActiveCfg = Debug|x86
		{05913FB9-6F34-4863-A2F3-0A875A4908FF}.Debug|x86.Build.0 = Debug|x86
		{05913FB9-6F34-4863-A2F3-0A875A4908FF}.ECM_MailMonitor|Any CPU.ActiveCfg = Release|Any CPU
		{05913FB9-6F34-4863-A2F3-0A875A4908FF}.ECM_MailMonitor|Any CPU.Build.0 = Release|Any CPU
		{05913FB9-6F34-4863-A2F3-0A875A4908FF}.ECM_MailMonitor|x64.ActiveCfg = Release|x64
		{05913FB9-6F34-4863-A2F3-0A875A4908FF}.ECM_MailMonitor|x64.Build.0 = Release|x64
		{05913FB9-6F34-4863-A2F3-0A875A4908FF}.ECM_MailMonitor|x86.ActiveCfg = Release|x86
		{05913FB9-6F34-4863-A2F3-0A875A4908FF}.ECM_MailMonitor|x86.Build.0 = Release|x86
		{05913FB9-6F34-4863-A2F3-0A875A4908FF}.Jaime_Rebel|Any CPU.ActiveCfg = Release|Any CPU
		{05913FB9-6F34-4863-A2F3-0A875A4908FF}.Jaime_Rebel|Any CPU.Build.0 = Release|Any CPU
		{05913FB9-6F34-4863-A2F3-0A875A4908FF}.Jaime_Rebel|x64.ActiveCfg = Release|x64
		{05913FB9-6F34-4863-A2F3-0A875A4908FF}.Jaime_Rebel|x64.Build.0 = Release|x64
		{05913FB9-6F34-4863-A2F3-0A875A4908FF}.Jaime_Rebel|x86.ActiveCfg = Release|x86
		{05913FB9-6F34-4863-A2F3-0A875A4908FF}.Jaime_Rebel|x86.Build.0 = Release|x86
		{05913FB9-6F34-4863-A2F3-0A875A4908FF}.ProductionRelease|Any CPU.ActiveCfg = Release|Any CPU
		{05913FB9-6F34-4863-A2F3-0A875A4908FF}.ProductionRelease|Any CPU.Build.0 = Release|Any CPU
		{05913FB9-6F34-4863-A2F3-0A875A4908FF}.ProductionRelease|x64.ActiveCfg = Release|x64
		{05913FB9-6F34-4863-A2F3-0A875A4908FF}.ProductionRelease|x64.Build.0 = Release|x64
		{05913FB9-6F34-4863-A2F3-0A875A4908FF}.ProductionRelease|x86.ActiveCfg = Release|x86
		{05913FB9-6F34-4863-A2F3-0A875A4908FF}.ProductionRelease|x86.Build.0 = Release|x86
		{05913FB9-6F34-4863-A2F3-0A875A4908FF}.Release|Any CPU.ActiveCfg = Release|Any CPU
		{05913FB9-6F34-4863-A2F3-0A875A4908FF}.Release|Any CPU.Build.0 = Release|Any CPU
		{05913FB9-6F34-4863-A2F3-0A875A4908FF}.Release|x64.ActiveCfg = Release|x64
		{05913FB9-6F34-4863-A2F3-0A875A4908FF}.Release|x64.Build.0 = Release|x64
		{05913FB9-6F34-4863-A2F3-0A875A4908FF}.Release|x86.ActiveCfg = Release|x86
		{05913FB9-6F34-4863-A2F3-0A875A4908FF}.Release|x86.Build.0 = Release|x86
		{D52C8000-3D06-4B23-A6C6-8AE39335E4D1}.Debug|Any CPU.ActiveCfg = Debug|Any CPU
		{D52C8000-3D06-4B23-A6C6-8AE39335E4D1}.Debug|Any CPU.Build.0 = Debug|Any CPU
		{D52C8000-3D06-4B23-A6C6-8AE39335E4D1}.Debug|x64.ActiveCfg = Debug|x64
		{D52C8000-3D06-4B23-A6C6-8AE39335E4D1}.Debug|x64.Build.0 = Debug|x64
		{D52C8000-3D06-4B23-A6C6-8AE39335E4D1}.Debug|x86.ActiveCfg = Debug|x86
		{D52C8000-3D06-4B23-A6C6-8AE39335E4D1}.Debug|x86.Build.0 = Debug|x86
		{D52C8000-3D06-4B23-A6C6-8AE39335E4D1}.ECM_MailMonitor|Any CPU.ActiveCfg = Jaime_Rebel|Any CPU
		{D52C8000-3D06-4B23-A6C6-8AE39335E4D1}.ECM_MailMonitor|Any CPU.Build.0 = Jaime_Rebel|Any CPU
		{D52C8000-3D06-4B23-A6C6-8AE39335E4D1}.ECM_MailMonitor|x64.ActiveCfg = Jaime_Rebel|x64
		{D52C8000-3D06-4B23-A6C6-8AE39335E4D1}.ECM_MailMonitor|x64.Build.0 = Jaime_Rebel|x64
		{D52C8000-3D06-4B23-A6C6-8AE39335E4D1}.ECM_MailMonitor|x86.ActiveCfg = Jaime_Rebel|x86
		{D52C8000-3D06-4B23-A6C6-8AE39335E4D1}.ECM_MailMonitor|x86.Build.0 = Jaime_Rebel|x86
		{D52C8000-3D06-4B23-A6C6-8AE39335E4D1}.Jaime_Rebel|Any CPU.ActiveCfg = Jaime_Rebel|Any CPU
		{D52C8000-3D06-4B23-A6C6-8AE39335E4D1}.Jaime_Rebel|Any CPU.Build.0 = Jaime_Rebel|Any CPU
		{D52C8000-3D06-4B23-A6C6-8AE39335E4D1}.Jaime_Rebel|x64.ActiveCfg = Jaime_Rebel|x64
		{D52C8000-3D06-4B23-A6C6-8AE39335E4D1}.Jaime_Rebel|x64.Build.0 = Jaime_Rebel|x64
		{D52C8000-3D06-4B23-A6C6-8AE39335E4D1}.Jaime_Rebel|x86.ActiveCfg = Jaime_Rebel|x86
		{D52C8000-3D06-4B23-A6C6-8AE39335E4D1}.Jaime_Rebel|x86.Build.0 = Jaime_Rebel|x86
		{D52C8000-3D06-4B23-A6C6-8AE39335E4D1}.ProductionRelease|Any CPU.ActiveCfg = Release|Any CPU
		{D52C8000-3D06-4B23-A6C6-8AE39335E4D1}.ProductionRelease|Any CPU.Build.0 = Release|Any CPU
		{D52C8000-3D06-4B23-A6C6-8AE39335E4D1}.ProductionRelease|x64.ActiveCfg = Release|x64
		{D52C8000-3D06-4B23-A6C6-8AE39335E4D1}.ProductionRelease|x64.Build.0 = Release|x64
		{D52C8000-3D06-4B23-A6C6-8AE39335E4D1}.ProductionRelease|x86.ActiveCfg = Release|x86
		{D52C8000-3D06-4B23-A6C6-8AE39335E4D1}.ProductionRelease|x86.Build.0 = Release|x86
		{D52C8000-3D06-4B23-A6C6-8AE39335E4D1}.Release|Any CPU.ActiveCfg = Release|Any CPU
		{D52C8000-3D06-4B23-A6C6-8AE39335E4D1}.Release|Any CPU.Build.0 = Release|Any CPU
		{D52C8000-3D06-4B23-A6C6-8AE39335E4D1}.Release|x64.ActiveCfg = Release|x64
		{D52C8000-3D06-4B23-A6C6-8AE39335E4D1}.Release|x64.Build.0 = Release|x64
		{D52C8000-3D06-4B23-A6C6-8AE39335E4D1}.Release|x86.ActiveCfg = Release|x86
		{D52C8000-3D06-4B23-A6C6-8AE39335E4D1}.Release|x86.Build.0 = Release|x86
		{449573E5-F40B-4FFA-A5BF-F762C1583E6F}.Debug|Any CPU.ActiveCfg = Debug|Any CPU
		{449573E5-F40B-4FFA-A5BF-F762C1583E6F}.Debug|Any CPU.Build.0 = Debug|Any CPU
		{449573E5-F40B-4FFA-A5BF-F762C1583E6F}.Debug|x64.ActiveCfg = Debug|Any CPU
		{449573E5-F40B-4FFA-A5BF-F762C1583E6F}.Debug|x86.ActiveCfg = Debug|x86
		{449573E5-F40B-4FFA-A5BF-F762C1583E6F}.Debug|x86.Build.0 = Debug|x86
		{449573E5-F40B-4FFA-A5BF-F762C1583E6F}.ECM_MailMonitor|Any CPU.ActiveCfg = ECM_MailMonitor|Any CPU
		{449573E5-F40B-4FFA-A5BF-F762C1583E6F}.ECM_MailMonitor|Any CPU.Build.0 = ECM_MailMonitor|Any CPU
		{449573E5-F40B-4FFA-A5BF-F762C1583E6F}.ECM_MailMonitor|x64.ActiveCfg = ECM_MailMonitor|Any CPU
		{449573E5-F40B-4FFA-A5BF-F762C1583E6F}.ECM_MailMonitor|x86.ActiveCfg = ECM_MailMonitor|x86
		{449573E5-F40B-4FFA-A5BF-F762C1583E6F}.ECM_MailMonitor|x86.Build.0 = ECM_MailMonitor|x86
		{449573E5-F40B-4FFA-A5BF-F762C1583E6F}.Jaime_Rebel|Any CPU.ActiveCfg = Jaime_Rebel|Any CPU
		{449573E5-F40B-4FFA-A5BF-F762C1583E6F}.Jaime_Rebel|Any CPU.Build.0 = Jaime_Rebel|Any CPU
		{449573E5-F40B-4FFA-A5BF-F762C1583E6F}.Jaime_Rebel|x64.ActiveCfg = Jaime_Rebel|Any CPU
		{449573E5-F40B-4FFA-A5BF-F762C1583E6F}.Jaime_Rebel|x86.ActiveCfg = Jaime_Rebel|x86
		{449573E5-F40B-4FFA-A5BF-F762C1583E6F}.Jaime_Rebel|x86.Build.0 = Jaime_Rebel|x86
		{449573E5-F40B-4FFA-A5BF-F762C1583E6F}.ProductionRelease|Any CPU.ActiveCfg = ProductionRelease|Any CPU
		{449573E5-F40B-4FFA-A5BF-F762C1583E6F}.ProductionRelease|Any CPU.Build.0 = ProductionRelease|Any CPU
		{449573E5-F40B-4FFA-A5BF-F762C1583E6F}.ProductionRelease|x64.ActiveCfg = ProductionRelease|Any CPU
		{449573E5-F40B-4FFA-A5BF-F762C1583E6F}.ProductionRelease|x86.ActiveCfg = ProductionRelease|x86
		{449573E5-F40B-4FFA-A5BF-F762C1583E6F}.ProductionRelease|x86.Build.0 = ProductionRelease|x86
		{449573E5-F40B-4FFA-A5BF-F762C1583E6F}.Release|Any CPU.ActiveCfg = Release|Any CPU
		{449573E5-F40B-4FFA-A5BF-F762C1583E6F}.Release|Any CPU.Build.0 = Release|Any CPU
		{449573E5-F40B-4FFA-A5BF-F762C1583E6F}.Release|x64.ActiveCfg = Release|Any CPU
		{449573E5-F40B-4FFA-A5BF-F762C1583E6F}.Release|x86.ActiveCfg = Release|x86
		{449573E5-F40B-4FFA-A5BF-F762C1583E6F}.Release|x86.Build.0 = Release|x86
		{98EE2193-7E9A-4349-B5C5-A042CE7D35EE}.Debug|Any CPU.ActiveCfg = Debug|Any CPU
		{98EE2193-7E9A-4349-B5C5-A042CE7D35EE}.Debug|Any CPU.Build.0 = Debug|Any CPU
		{98EE2193-7E9A-4349-B5C5-A042CE7D35EE}.Debug|x64.ActiveCfg = Debug|x64
		{98EE2193-7E9A-4349-B5C5-A042CE7D35EE}.Debug|x64.Build.0 = Debug|x64
		{98EE2193-7E9A-4349-B5C5-A042CE7D35EE}.Debug|x86.ActiveCfg = Debug|x86
		{98EE2193-7E9A-4349-B5C5-A042CE7D35EE}.Debug|x86.Build.0 = Debug|x86
		{98EE2193-7E9A-4349-B5C5-A042CE7D35EE}.ECM_MailMonitor|Any CPU.ActiveCfg = Release|Any CPU
		{98EE2193-7E9A-4349-B5C5-A042CE7D35EE}.ECM_MailMonitor|Any CPU.Build.0 = Release|Any CPU
		{98EE2193-7E9A-4349-B5C5-A042CE7D35EE}.ECM_MailMonitor|x64.ActiveCfg = Release|x64
		{98EE2193-7E9A-4349-B5C5-A042CE7D35EE}.ECM_MailMonitor|x64.Build.0 = Release|x64
		{98EE2193-7E9A-4349-B5C5-A042CE7D35EE}.ECM_MailMonitor|x86.ActiveCfg = Release|x86
		{98EE2193-7E9A-4349-B5C5-A042CE7D35EE}.ECM_MailMonitor|x86.Build.0 = Release|x86
		{98EE2193-7E9A-4349-B5C5-A042CE7D35EE}.Jaime_Rebel|Any CPU.ActiveCfg = Release|Any CPU
		{98EE2193-7E9A-4349-B5C5-A042CE7D35EE}.Jaime_Rebel|Any CPU.Build.0 = Release|Any CPU
		{98EE2193-7E9A-4349-B5C5-A042CE7D35EE}.Jaime_Rebel|x64.ActiveCfg = Release|x64
		{98EE2193-7E9A-4349-B5C5-A042CE7D35EE}.Jaime_Rebel|x64.Build.0 = Release|x64
		{98EE2193-7E9A-4349-B5C5-A042CE7D35EE}.Jaime_Rebel|x86.ActiveCfg = Release|x86
		{98EE2193-7E9A-4349-B5C5-A042CE7D35EE}.Jaime_Rebel|x86.Build.0 = Release|x86
		{98EE2193-7E9A-4349-B5C5-A042CE7D35EE}.ProductionRelease|Any CPU.ActiveCfg = Release|Any CPU
		{98EE2193-7E9A-4349-B5C5-A042CE7D35EE}.ProductionRelease|Any CPU.Build.0 = Release|Any CPU
		{98EE2193-7E9A-4349-B5C5-A042CE7D35EE}.ProductionRelease|x64.ActiveCfg = Release|x64
		{98EE2193-7E9A-4349-B5C5-A042CE7D35EE}.ProductionRelease|x64.Build.0 = Release|x64
		{98EE2193-7E9A-4349-B5C5-A042CE7D35EE}.ProductionRelease|x86.ActiveCfg = Release|x86
		{98EE2193-7E9A-4349-B5C5-A042CE7D35EE}.ProductionRelease|x86.Build.0 = Release|x86
		{98EE2193-7E9A-4349-B5C5-A042CE7D35EE}.Release|Any CPU.ActiveCfg = Release|Any CPU
		{98EE2193-7E9A-4349-B5C5-A042CE7D35EE}.Release|Any CPU.Build.0 = Release|Any CPU
		{98EE2193-7E9A-4349-B5C5-A042CE7D35EE}.Release|x64.ActiveCfg = Release|x64
		{98EE2193-7E9A-4349-B5C5-A042CE7D35EE}.Release|x64.Build.0 = Release|x64
		{98EE2193-7E9A-4349-B5C5-A042CE7D35EE}.Release|x86.ActiveCfg = Release|x86
		{98EE2193-7E9A-4349-B5C5-A042CE7D35EE}.Release|x86.Build.0 = Release|x86
		{C0897342-C763-4B4A-9770-384507B7CFE0}.Debug|Any CPU.ActiveCfg = Debug|Any CPU
		{C0897342-C763-4B4A-9770-384507B7CFE0}.Debug|Any CPU.Build.0 = Debug|Any CPU
		{C0897342-C763-4B4A-9770-384507B7CFE0}.Debug|x64.ActiveCfg = Debug|x64
		{C0897342-C763-4B4A-9770-384507B7CFE0}.Debug|x64.Build.0 = Debug|x64
		{C0897342-C763-4B4A-9770-384507B7CFE0}.Debug|x86.ActiveCfg = Debug|x86
		{C0897342-C763-4B4A-9770-384507B7CFE0}.Debug|x86.Build.0 = Debug|x86
		{C0897342-C763-4B4A-9770-384507B7CFE0}.ECM_MailMonitor|Any CPU.ActiveCfg = Release|Any CPU
		{C0897342-C763-4B4A-9770-384507B7CFE0}.ECM_MailMonitor|Any CPU.Build.0 = Release|Any CPU
		{C0897342-C763-4B4A-9770-384507B7CFE0}.ECM_MailMonitor|x64.ActiveCfg = Release|x64
		{C0897342-C763-4B4A-9770-384507B7CFE0}.ECM_MailMonitor|x64.Build.0 = Release|x64
		{C0897342-C763-4B4A-9770-384507B7CFE0}.ECM_MailMonitor|x86.ActiveCfg = Release|x86
		{C0897342-C763-4B4A-9770-384507B7CFE0}.ECM_MailMonitor|x86.Build.0 = Release|x86
		{C0897342-C763-4B4A-9770-384507B7CFE0}.Jaime_Rebel|Any CPU.ActiveCfg = Release|Any CPU
		{C0897342-C763-4B4A-9770-384507B7CFE0}.Jaime_Rebel|Any CPU.Build.0 = Release|Any CPU
		{C0897342-C763-4B4A-9770-384507B7CFE0}.Jaime_Rebel|x64.ActiveCfg = Release|x64
		{C0897342-C763-4B4A-9770-384507B7CFE0}.Jaime_Rebel|x64.Build.0 = Release|x64
		{C0897342-C763-4B4A-9770-384507B7CFE0}.Jaime_Rebel|x86.ActiveCfg = Release|x86
		{C0897342-C763-4B4A-9770-384507B7CFE0}.Jaime_Rebel|x86.Build.0 = Release|x86
		{C0897342-C763-4B4A-9770-384507B7CFE0}.ProductionRelease|Any CPU.ActiveCfg = Release|Any CPU
		{C0897342-C763-4B4A-9770-384507B7CFE0}.ProductionRelease|Any CPU.Build.0 = Release|Any CPU
		{C0897342-C763-4B4A-9770-384507B7CFE0}.ProductionRelease|x64.ActiveCfg = Release|x64
		{C0897342-C763-4B4A-9770-384507B7CFE0}.ProductionRelease|x64.Build.0 = Release|x64
		{C0897342-C763-4B4A-9770-384507B7CFE0}.ProductionRelease|x86.ActiveCfg = Release|x86
		{C0897342-C763-4B4A-9770-384507B7CFE0}.ProductionRelease|x86.Build.0 = Release|x86
		{C0897342-C763-4B4A-9770-384507B7CFE0}.Release|Any CPU.ActiveCfg = Release|Any CPU
		{C0897342-C763-4B4A-9770-384507B7CFE0}.Release|Any CPU.Build.0 = Release|Any CPU
		{C0897342-C763-4B4A-9770-384507B7CFE0}.Release|x64.ActiveCfg = Release|x64
		{C0897342-C763-4B4A-9770-384507B7CFE0}.Release|x64.Build.0 = Release|x64
		{C0897342-C763-4B4A-9770-384507B7CFE0}.Release|x86.ActiveCfg = Release|x86
		{C0897342-C763-4B4A-9770-384507B7CFE0}.Release|x86.Build.0 = Release|x86
		{C9BA20AC-B7EF-4616-A82A-84C0F40F8CD7}.Debug|Any CPU.ActiveCfg = Debug|Any CPU
		{C9BA20AC-B7EF-4616-A82A-84C0F40F8CD7}.Debug|Any CPU.Build.0 = Debug|Any CPU
		{C9BA20AC-B7EF-4616-A82A-84C0F40F8CD7}.Debug|x64.ActiveCfg = Debug|Any CPU
		{C9BA20AC-B7EF-4616-A82A-84C0F40F8CD7}.Debug|x86.ActiveCfg = Debug|Any CPU
		{C9BA20AC-B7EF-4616-A82A-84C0F40F8CD7}.ECM_MailMonitor|Any CPU.ActiveCfg = Release|Any CPU
		{C9BA20AC-B7EF-4616-A82A-84C0F40F8CD7}.ECM_MailMonitor|Any CPU.Build.0 = Release|Any CPU
		{C9BA20AC-B7EF-4616-A82A-84C0F40F8CD7}.ECM_MailMonitor|x64.ActiveCfg = Release|Any CPU
		{C9BA20AC-B7EF-4616-A82A-84C0F40F8CD7}.ECM_MailMonitor|x86.ActiveCfg = Release|Any CPU
		{C9BA20AC-B7EF-4616-A82A-84C0F40F8CD7}.Jaime_Rebel|Any CPU.ActiveCfg = Release|Any CPU
		{C9BA20AC-B7EF-4616-A82A-84C0F40F8CD7}.Jaime_Rebel|Any CPU.Build.0 = Release|Any CPU
		{C9BA20AC-B7EF-4616-A82A-84C0F40F8CD7}.Jaime_Rebel|x64.ActiveCfg = Release|Any CPU
		{C9BA20AC-B7EF-4616-A82A-84C0F40F8CD7}.Jaime_Rebel|x86.ActiveCfg = Release|Any CPU
		{C9BA20AC-B7EF-4616-A82A-84C0F40F8CD7}.ProductionRelease|Any CPU.ActiveCfg = Release|Any CPU
		{C9BA20AC-B7EF-4616-A82A-84C0F40F8CD7}.ProductionRelease|Any CPU.Build.0 = Release|Any CPU
		{C9BA20AC-B7EF-4616-A82A-84C0F40F8CD7}.ProductionRelease|x64.ActiveCfg = Release|Any CPU
		{C9BA20AC-B7EF-4616-A82A-84C0F40F8CD7}.ProductionRelease|x86.ActiveCfg = Release|Any CPU
		{C9BA20AC-B7EF-4616-A82A-84C0F40F8CD7}.Release|Any CPU.ActiveCfg = Release|Any CPU
		{C9BA20AC-B7EF-4616-A82A-84C0F40F8CD7}.Release|Any CPU.Build.0 = Release|Any CPU
		{C9BA20AC-B7EF-4616-A82A-84C0F40F8CD7}.Release|x64.ActiveCfg = Release|Any CPU
		{C9BA20AC-B7EF-4616-A82A-84C0F40F8CD7}.Release|x86.ActiveCfg = Release|Any CPU
		{2B0CEAF2-6CE6-4909-A797-A24EFD55C130}.Debug|Any CPU.ActiveCfg = Debug|Any CPU
		{2B0CEAF2-6CE6-4909-A797-A24EFD55C130}.Debug|Any CPU.Build.0 = Debug|Any CPU
		{2B0CEAF2-6CE6-4909-A797-A24EFD55C130}.Debug|x64.ActiveCfg = Debug|x64
		{2B0CEAF2-6CE6-4909-A797-A24EFD55C130}.Debug|x64.Build.0 = Debug|x64
		{2B0CEAF2-6CE6-4909-A797-A24EFD55C130}.Debug|x86.ActiveCfg = Debug|x86
		{2B0CEAF2-6CE6-4909-A797-A24EFD55C130}.Debug|x86.Build.0 = Debug|x86
		{2B0CEAF2-6CE6-4909-A797-A24EFD55C130}.ECM_MailMonitor|Any CPU.ActiveCfg = Jaime_Rebel|Any CPU
		{2B0CEAF2-6CE6-4909-A797-A24EFD55C130}.ECM_MailMonitor|Any CPU.Build.0 = Jaime_Rebel|Any CPU
		{2B0CEAF2-6CE6-4909-A797-A24EFD55C130}.ECM_MailMonitor|x64.ActiveCfg = Jaime_Rebel|x64
		{2B0CEAF2-6CE6-4909-A797-A24EFD55C130}.ECM_MailMonitor|x64.Build.0 = Jaime_Rebel|x64
		{2B0CEAF2-6CE6-4909-A797-A24EFD55C130}.ECM_MailMonitor|x86.ActiveCfg = Jaime_Rebel|x86
		{2B0CEAF2-6CE6-4909-A797-A24EFD55C130}.ECM_MailMonitor|x86.Build.0 = Jaime_Rebel|x86
		{2B0CEAF2-6CE6-4909-A797-A24EFD55C130}.Jaime_Rebel|Any CPU.ActiveCfg = Jaime_Rebel|Any CPU
		{2B0CEAF2-6CE6-4909-A797-A24EFD55C130}.Jaime_Rebel|Any CPU.Build.0 = Jaime_Rebel|Any CPU
		{2B0CEAF2-6CE6-4909-A797-A24EFD55C130}.Jaime_Rebel|x64.ActiveCfg = Jaime_Rebel|x64
		{2B0CEAF2-6CE6-4909-A797-A24EFD55C130}.Jaime_Rebel|x64.Build.0 = Jaime_Rebel|x64
		{2B0CEAF2-6CE6-4909-A797-A24EFD55C130}.Jaime_Rebel|x86.ActiveCfg = Jaime_Rebel|x86
		{2B0CEAF2-6CE6-4909-A797-A24EFD55C130}.Jaime_Rebel|x86.Build.0 = Jaime_Rebel|x86
		{2B0CEAF2-6CE6-4909-A797-A24EFD55C130}.ProductionRelease|Any CPU.ActiveCfg = Release|Any CPU
		{2B0CEAF2-6CE6-4909-A797-A24EFD55C130}.ProductionRelease|Any CPU.Build.0 = Release|Any CPU
		{2B0CEAF2-6CE6-4909-A797-A24EFD55C130}.ProductionRelease|x64.ActiveCfg = Release|x64
		{2B0CEAF2-6CE6-4909-A797-A24EFD55C130}.ProductionRelease|x64.Build.0 = Release|x64
		{2B0CEAF2-6CE6-4909-A797-A24EFD55C130}.ProductionRelease|x86.ActiveCfg = Release|x86
		{2B0CEAF2-6CE6-4909-A797-A24EFD55C130}.ProductionRelease|x86.Build.0 = Release|x86
		{2B0CEAF2-6CE6-4909-A797-A24EFD55C130}.Release|Any CPU.ActiveCfg = Release|Any CPU
		{2B0CEAF2-6CE6-4909-A797-A24EFD55C130}.Release|Any CPU.Build.0 = Release|Any CPU
		{2B0CEAF2-6CE6-4909-A797-A24EFD55C130}.Release|x64.ActiveCfg = Release|x64
		{2B0CEAF2-6CE6-4909-A797-A24EFD55C130}.Release|x64.Build.0 = Release|x64
		{2B0CEAF2-6CE6-4909-A797-A24EFD55C130}.Release|x86.ActiveCfg = Release|x86
		{2B0CEAF2-6CE6-4909-A797-A24EFD55C130}.Release|x86.Build.0 = Release|x86
	EndGlobalSection
	GlobalSection(SolutionProperties) = preSolution
		HideSolutionNode = FALSE
	EndGlobalSection
EndGlobal
